// !$*UTF8*$!
{
	archiveVersion = 1;
	classes = {
	};
	objectVersion = 50;
	objects = {

/* Begin PBXBuildFile section */
		F2D2D7A7259038CC0056372B /* AppDelegate.m in Sources */ = {isa = PBXBuildFile; fileRef = F2D2D7A6259038CC0056372B /* AppDelegate.m */; };
		F2D2D7AA259038CC0056372B /* SceneDelegate.m in Sources */ = {isa = PBXBuildFile; fileRef = F2D2D7A9259038CC0056372B /* SceneDelegate.m */; };
		F2D2D7AD259038CC0056372B /* ViewController.m in Sources */ = {isa = PBXBuildFile; fileRef = F2D2D7AC259038CC0056372B /* ViewController.m */; };
		F2D2D7B0259038CC0056372B /* Main.storyboard in Resources */ = {isa = PBXBuildFile; fileRef = F2D2D7AE259038CC0056372B /* Main.storyboard */; };
		F2D2D7B2259038CD0056372B /* Assets.xcassets in Resources */ = {isa = PBXBuildFile; fileRef = F2D2D7B1259038CD0056372B /* Assets.xcassets */; };
		F2D2D7B5259038CD0056372B /* LaunchScreen.storyboard in Resources */ = {isa = PBXBuildFile; fileRef = F2D2D7B3259038CD0056372B /* LaunchScreen.storyboard */; };
		F2D2D7B8259038CD0056372B /* main.m in Sources */ = {isa = PBXBuildFile; fileRef = F2D2D7B7259038CD0056372B /* main.m */; };
		F2D2D7C22590395C0056372B /* FWTestClass.m in Sources */ = {isa = PBXBuildFile; fileRef = F2D2D7C12590395C0056372B /* FWTestClass.m */; };
/* End PBXBuildFile section */

/* Begin PBXFileReference section */
		F2D2D7A2259038CC0056372B /* BlockDemo.app */ = {isa = PBXFileReference; explicitFileType = wrapper.application; includeInIndex = 0; path = BlockDemo.app; sourceTree = BUILT_PRODUCTS_DIR; };
		F2D2D7A5259038CC0056372B /* AppDelegate.h */ = {isa = PBXFileReference; lastKnownFileType = sourcecode.c.h; path = AppDelegate.h; sourceTree = "<group>"; };
		F2D2D7A6259038CC0056372B /* AppDelegate.m */ = {isa = PBXFileReference; lastKnownFileType = sourcecode.c.objc; path = AppDelegate.m; sourceTree = "<group>"; };
		F2D2D7A8259038CC0056372B /* SceneDelegate.h */ = {isa = PBXFileReference; lastKnownFileType = sourcecode.c.h; path = SceneDelegate.h; sourceTree = "<group>"; };
		F2D2D7A9259038CC0056372B /* SceneDelegate.m */ = {isa = PBXFileReference; lastKnownFileType = sourcecode.c.objc; path = SceneDelegate.m; sourceTree = "<group>"; };
		F2D2D7AB259038CC0056372B /* ViewController.h */ = {isa = PBXFileReference; lastKnownFileType = sourcecode.c.h; path = ViewController.h; sourceTree = "<group>"; };
		F2D2D7AC259038CC0056372B /* ViewController.m */ = {isa = PBXFileReference; lastKnownFileType = sourcecode.c.objc; path = ViewController.m; sourceTree = "<group>"; };
		F2D2D7AF259038CC0056372B /* Base */ = {isa = PBXFileReference; lastKnownFileType = file.storyboard; name = Base; path = Base.lproj/Main.storyboard; sourceTree = "<group>"; };
		F2D2D7B1259038CD0056372B /* Assets.xcassets */ = {isa = PBXFileReference; lastKnownFileType = folder.assetcatalog; path = Assets.xcassets; sourceTree = "<group>"; };
		F2D2D7B4259038CD0056372B /* Base */ = {isa = PBXFileReference; lastKnownFileType = file.storyboard; name = Base; path = Base.lproj/LaunchScreen.storyboard; sourceTree = "<group>"; };
		F2D2D7B6259038CD0056372B /* Info.plist */ = {isa = PBXFileReference; lastKnownFileType = text.plist.xml; path = Info.plist; sourceTree = "<group>"; };
		F2D2D7B7259038CD0056372B /* main.m */ = {isa = PBXFileReference; lastKnownFileType = sourcecode.c.objc; path = main.m; sourceTree = "<group>"; };
		F2D2D7C02590395C0056372B /* FWTestClass.h */ = {isa = PBXFileReference; lastKnownFileType = sourcecode.c.h; path = FWTestClass.h; sourceTree = "<group>"; };
		F2D2D7C12590395C0056372B /* FWTestClass.m */ = {isa = PBXFileReference; lastKnownFileType = sourcecode.c.objc; path = FWTestClass.m; sourceTree = "<group>"; };
/* End PBXFileReference section */

/* Begin PBXFrameworksBuildPhase section */
		F2D2D79F259038CC0056372B /* Frameworks */ = {
			isa = PBXFrameworksBuildPhase;
			buildActionMask = 2147483647;
			files = (
			);
			runOnlyForDeploymentPostprocessing = 0;
		};
/* End PBXFrameworksBuildPhase section */

/* Begin PBXGroup section */
		F2D2D799259038CC0056372B = {
			isa = PBXGroup;
			children = (
				F2D2D7A4259038CC0056372B /* BlockDemo */,
				F2D2D7A3259038CC0056372B /* Products */,
			);
			sourceTree = "<group>";
		};
		F2D2D7A3259038CC0056372B /* Products */ = {
			isa = PBXGroup;
			children = (
				F2D2D7A2259038CC0056372B /* BlockDemo.app */,
			);
			name = Products;
			sourceTree = "<group>";
		};
		F2D2D7A4259038CC0056372B /* BlockDemo */ = {
			isa = PBXGroup;
			children = (
				F2D2D7A5259038CC0056372B /* AppDelegate.h */,
				F2D2D7A6259038CC0056372B /* AppDelegate.m */,
				F2D2D7A8259038CC0056372B /* SceneDelegate.h */,
				F2D2D7A9259038CC0056372B /* SceneDelegate.m */,
				F2D2D7AB259038CC0056372B /* ViewController.h */,
				F2D2D7AC259038CC0056372B /* ViewController.m */,
				F2D2D7C02590395C0056372B /* FWTestClass.h */,
				F2D2D7C12590395C0056372B /* FWTestClass.m */,
				F2D2D7AE259038CC0056372B /* Main.storyboard */,
				F2D2D7B1259038CD0056372B /* Assets.xcassets */,
				F2D2D7B3259038CD0056372B /* LaunchScreen.storyboard */,
				F2D2D7B6259038CD0056372B /* Info.plist */,
				F2D2D7B7259038CD0056372B /* main.m */,
			);
			path = BlockDemo;
			sourceTree = "<group>";
		};
/* End PBXGroup section */

/* Begin PBXNativeTarget section */
		F2D2D7A1259038CC0056372B /* BlockDemo */ = {
			isa = PBXNativeTarget;
			buildConfigurationList = F2D2D7BB259038CD0056372B /* Build configuration list for PBXNativeTarget "BlockDemo" */;
			buildPhases = (
				F2D2D79E259038CC0056372B /* Sources */,
				F2D2D79F259038CC0056372B /* Frameworks */,
				F2D2D7A0259038CC0056372B /* Resources */,
			);
			buildRules = (
			);
			dependencies = (
			);
			name = BlockDemo;
			productName = BlockDemo;
			productReference = F2D2D7A2259038CC0056372B /* BlockDemo.app */;
			productType = "com.apple.product-type.application";
		};
/* End PBXNativeTarget section */

/* Begin PBXProject section */
		F2D2D79A259038CC0056372B /* Project object */ = {
			isa = PBXProject;
			attributes = {
				LastUpgradeCheck = 1220;
				TargetAttributes = {
					F2D2D7A1259038CC0056372B = {
						CreatedOnToolsVersion = 12.2;
					};
				};
			};
			buildConfigurationList = F2D2D79D259038CC0056372B /* Build configuration list for PBXProject "BlockDemo" */;
			compatibilityVersion = "Xcode 9.3";
			developmentRegion = en;
			hasScannedForEncodings = 0;
			knownRegions = (
				en,
				Base,
			);
			mainGroup = F2D2D799259038CC0056372B;
			productRefGroup = F2D2D7A3259038CC0056372B /* Products */;
			projectDirPath = "";
			projectRoot = "";
			targets = (
				F2D2D7A1259038CC0056372B /* BlockDemo */,
			);
		};
/* End PBXProject section */

/* Begin PBXResourcesBuildPhase section */
		F2D2D7A0259038CC0056372B /* Resources */ = {
			isa = PBXResourcesBuildPhase;
			buildActionMask = 2147483647;
			files = (
				F2D2D7B5259038CD0056372B /* LaunchScreen.storyboard in Resources */,
				F2D2D7B2259038CD0056372B /* Assets.xcassets in Resources */,
				F2D2D7B0259038CC0056372B /* Main.storyboard in Resources */,
			);
			runOnlyForDeploymentPostprocessing = 0;
		};
/* End PBXResourcesBuildPhase section */

/* Begin PBXSourcesBuildPhase section */
		F2D2D79E259038CC0056372B /* Sources */ = {
			isa = PBXSourcesBuildPhase;
			buildActionMask = 2147483647;
			files = (
				F2D2D7AD259038CC0056372B /* ViewController.m in Sources */,
				F2D2D7C22590395C0056372B /* FWTestClass.m in Sources */,
				F2D2D7A7259038CC0056372B /* AppDelegate.m in Sources */,
				F2D2D7B8259038CD0056372B /* main.m in Sources */,
				F2D2D7AA259038CC0056372B /* SceneDelegate.m in Sources */,
			);
			runOnlyForDeploymentPostprocessing = 0;
		};
/* End PBXSourcesBuildPhase section */

/* Begin PBXVariantGroup section */
		F2D2D7AE259038CC0056372B /* Main.storyboard */ = {
			isa = PBXVariantGroup;
			children = (
				F2D2D7AF259038CC0056372B /* Base */,
			);
			name = Main.storyboard;
			sourceTree = "<group>";
		};
		F2D2D7B3259038CD0056372B /* LaunchScreen.storyboard */ = {
			isa = PBXVariantGroup;
			children = (
				F2D2D7B4259038CD0056372B /* Base */,
			);
			name = LaunchScreen.storyboard;
			sourceTree = "<group>";
		};
/* End PBXVariantGroup section */

/* Begin XCBuildConfiguration section */
		F2D2D7B9259038CD0056372B /* Debug */ = {
			isa = XCBuildConfiguration;
			buildSettings = {
				ALWAYS_SEARCH_USER_PATHS = NO;
				CLANG_ANALYZER_NONNULL = YES;
				CLANG_ANALYZER_NUMBER_OBJECT_CONVERSION = YES_AGGRESSIVE;
				CLANG_CXX_LANGUAGE_STANDARD = "gnu++14";
				CLANG_CXX_LIBRARY = "libc++";
				CLANG_ENABLE_MODULES = YES;
				CLANG_ENABLE_OBJC_ARC = YES;
				CLANG_ENABLE_OBJC_WEAK = YES;
				CLANG_WARN_BLOCK_CAPTURE_AUTORELEASING = YES;
				CLANG_WARN_BOOL_CONVERSION = YES;
				CLANG_WARN_COMMA = YES;
				CLANG_WARN_CONSTANT_CONVERSION = YES;
				CLANG_WARN_DEPRECATED_OBJC_IMPLEMENTATIONS = YES;
				CLANG_WARN_DIRECT_OBJC_ISA_USAGE = YES_ERROR;
				CLANG_WARN_DOCUMENTATION_COMMENTS = YES;
				CLANG_WARN_EMPTY_BODY = YES;
				CLANG_WARN_ENUM_CONVERSION = YES;
				CLANG_WARN_INFINITE_RECURSION = YES;
				CLANG_WARN_INT_CONVERSION = YES;
				CLANG_WARN_NON_LITERAL_NULL_CONVERSION = YES;
				CLANG_WARN_OBJC_IMPLICIT_RETAIN_SELF = YES;
				CLANG_WARN_OBJC_LITERAL_CONVERSION = YES;
				CLANG_WARN_OBJC_ROOT_CLASS = YES_ERROR;
				CLANG_WARN_QUOTED_INCLUDE_IN_FRAMEWORK_HEADER = YES;
				CLANG_WARN_RANGE_LOOP_ANALYSIS = YES;
				CLANG_WARN_STRICT_PROTOTYPES = YES;
				CLANG_WARN_SUSPICIOUS_MOVE = YES;
				CLANG_WARN_UNGUARDED_AVAILABILITY = YES_AGGRESSIVE;
				CLANG_WARN_UNREACHABLE_CODE = YES;
				CLANG_WARN__DUPLICATE_METHOD_MATCH = YES;
				COPY_PHASE_STRIP = NO;
				DEBUG_INFORMATION_FORMAT = dwarf;
				ENABLE_STRICT_OBJC_MSGSEND = YES;
				ENABLE_TESTABILITY = YES;
				GCC_C_LANGUAGE_STANDARD = gnu11;
				GCC_DYNAMIC_NO_PIC = NO;
				GCC_NO_COMMON_BLOCKS = YES;
				GCC_OPTIMIZATION_LEVEL = 0;
				GCC_PREPROCESSOR_DEFINITIONS = (
					"DEBUG=1",
					"$(inherited)",
				);
				GCC_WARN_64_TO_32_BIT_CONVERSION = YES;
				GCC_WARN_ABOUT_RETURN_TYPE = YES_ERROR;
				GCC_WARN_UNDECLARED_SELECTOR = YES;
				GCC_WARN_UNINITIALIZED_AUTOS = YES_AGGRESSIVE;
				GCC_WARN_UNUSED_FUNCTION = YES;
				GCC_WARN_UNUSED_VARIABLE = YES;
				IPHONEOS_DEPLOYMENT_TARGET = 14.2;
				MTL_ENABLE_DEBUG_INFO = INCLUDE_SOURCE;
				MTL_FAST_MATH = YES;
				ONLY_ACTIVE_ARCH = YES;
				SDKROOT = iphoneos;
			};
			name = Debug;
		};
		F2D2D7BA259038CD0056372B /* Release */ = {
			isa = XCBuildConfiguration;
			buildSettings = {
				ALWAYS_SEARCH_USER_PATHS = NO;
				CLANG_ANALYZER_NONNULL = YES;
				CLANG_ANALYZER_NUMBER_OBJECT_CONVERSION = YES_AGGRESSIVE;
				CLANG_CXX_LANGUAGE_STANDARD = "gnu++14";
				CLANG_CXX_LIBRARY = "libc++";
				CLANG_ENABLE_MODULES = YES;
				CLANG_ENABLE_OBJC_ARC = YES;
				CLANG_ENABLE_OBJC_WEAK = YES;
				CLANG_WARN_BLOCK_CAPTURE_AUTORELEASING = YES;
				CLANG_WARN_BOOL_CONVERSION = YES;
				CLANG_WARN_COMMA = YES;
				CLANG_WARN_CONSTANT_CONVERSION = YES;
				CLANG_WARN_DEPRECATED_OBJC_IMPLEMENTATIONS = YES;
				CLANG_WARN_DIRECT_OBJC_ISA_USAGE = YES_ERROR;
				CLANG_WARN_DOCUMENTATION_COMMENTS = YES;
				CLANG_WARN_EMPTY_BODY = YES;
				CLANG_WARN_ENUM_CONVERSION = YES;
				CLANG_WARN_INFINITE_RECURSION = YES;
				CLANG_WARN_INT_CONVERSION = YES;
				CLANG_WARN_NON_LITERAL_NULL_CONVERSION = YES;
				CLANG_WARN_OBJC_IMPLICIT_RETAIN_SELF = YES;
				CLANG_WARN_OBJC_LITERAL_CONVERSION = YES;
				CLANG_WARN_OBJC_ROOT_CLASS = YES_ERROR;
				CLANG_WARN_QUOTED_INCLUDE_IN_FRAMEWORK_HEADER = YES;
				CLANG_WARN_RANGE_LOOP_ANALYSIS = YES;
				CLANG_WARN_STRICT_PROTOTYPES = YES;
				CLANG_WARN_SUSPICIOUS_MOVE = YES;
				CLANG_WARN_UNGUARDED_AVAILABILITY = YES_AGGRESSIVE;
				CLANG_WARN_UNREACHABLE_CODE = YES;
				CLANG_WARN__DUPLICATE_METHOD_MATCH = YES;
				COPY_PHASE_STRIP = NO;
				DEBUG_INFORMATION_FORMAT = "dwarf-with-dsym";
				ENABLE_NS_ASSERTIONS = NO;
				ENABLE_STRICT_OBJC_MSGSEND = YES;
				GCC_C_LANGUAGE_STANDARD = gnu11;
				GCC_NO_COMMON_BLOCKS = YES;
				GCC_WARN_64_TO_32_BIT_CONVERSION = YES;
				GCC_WARN_ABOUT_RETURN_TYPE = YES_ERROR;
				GCC_WARN_UNDECLARED_SELECTOR = YES;
				GCC_WARN_UNINITIALIZED_AUTOS = YES_AGGRESSIVE;
				GCC_WARN_UNUSED_FUNCTION = YES;
				GCC_WARN_UNUSED_VARIABLE = YES;
				IPHONEOS_DEPLOYMENT_TARGET = 14.2;
				MTL_ENABLE_DEBUG_INFO = NO;
				MTL_FAST_MATH = YES;
				SDKROOT = iphoneos;
				VALIDATE_PRODUCT = YES;
			};
			name = Release;
		};
		F2D2D7BC259038CD0056372B /* Debug */ = {
			isa = XCBuildConfiguration;
			buildSettings = {
				ASSETCATALOG_COMPILER_APPICON_NAME = AppIcon;
				ASSETCATALOG_COMPILER_GLOBAL_ACCENT_COLOR_NAME = AccentColor;
				CODE_SIGN_STYLE = Automatic;
				DEVELOPMENT_TEAM = 346QFZZACH;
				INFOPLIST_FILE = BlockDemo/Info.plist;
				LD_RUNPATH_SEARCH_PATHS = (
					"$(inherited)",
					"@executable_path/Frameworks",
				);
				PRODUCT_BUNDLE_IDENTIFIER = com.shendeng.zhineng.BlockDemo;
				PRODUCT_NAME = "$(TARGET_NAME)";
				TARGETED_DEVICE_FAMILY = "1,2";
			};
			name = Debug;
		};
		F2D2D7BD259038CD0056372B /* Release */ = {
			isa = XCBuildConfiguration;
			buildSettings = {
				ASSETCATALOG_COMPILER_APPICON_NAME = AppIcon;
				ASSETCATALOG_COMPILER_GLOBAL_ACCENT_COLOR_NAME = AccentColor;
				CODE_SIGN_STYLE = Automatic;
				DEVELOPMENT_TEAM = 346QFZZACH;
				INFOPLIST_FILE = BlockDemo/Info.plist;
				LD_RUNPATH_SEARCH_PATHS = (
					"$(inherited)",
					"@executable_path/Frameworks",
				);
				PRODUCT_BUNDLE_IDENTIFIER = com.shendeng.zhineng.BlockDemo;
				PRODUCT_NAME = "$(TARGET_NAME)";
				TARGETED_DEVICE_FAMILY = "1,2";
			};
			name = Release;
		};
/* End XCBuildConfiguration section */

/* Begin XCConfigurationList section */
		F2D2D79D259038CC0056372B /* Build configuration list for PBXProject "BlockDemo" */ = {
			isa = XCConfigurationList;
			buildConfigurations = (
				F2D2D7B9259038CD0056372B /* Debug */,
				F2D2D7BA259038CD0056372B /* Release */,
			);
			defaultConfigurationIsVisible = 0;
			defaultConfigurationName = Release;
		};
		F2D2D7BB259038CD0056372B /* Build configuration list for PBXNativeTarget "BlockDemo" */ = {
			isa = XCConfigurationList;
			buildConfigurations = (
				F2D2D7BC259038CD0056372B /* Debug */,
				F2D2D7BD259038CD0056372B /* Release */,
			);
			defaultConfigurationIsVisible = 0;
			defaultConfigurationName = Release;
		};
/* End XCConfigurationList section */
	};
	rootObject = F2D2D79A259038CC0056372B /* Project object */;
}
