// !$*UTF8*$!
{
	archiveVersion = 1;
	classes = {
	};
	objectVersion = 50;
	objects = {

/* Begin PBXBuildFile section */
		F285338322BA62A900C2430C /* AppDelegate.m in Sources */ = {isa = PBXBuildFile; fileRef = F285338222BA62A900C2430C /* AppDelegate.m */; };
		F285338622BA62A900C2430C /* ViewController.m in Sources */ = {isa = PBXBuildFile; fileRef = F285338522BA62A900C2430C /* ViewController.m */; };
		F285338922BA62A900C2430C /* Main.storyboard in Resources */ = {isa = PBXBuildFile; fileRef = F285338722BA62A900C2430C /* Main.storyboard */; };
		F285338B22BA62A900C2430C /* Assets.xcassets in Resources */ = {isa = PBXBuildFile; fileRef = F285338A22BA62A900C2430C /* Assets.xcassets */; };
		F285338E22BA62A900C2430C /* LaunchScreen.storyboard in Resources */ = {isa = PBXBuildFile; fileRef = F285338C22BA62A900C2430C /* LaunchScreen.storyboard */; };
		F285339122BA62A900C2430C /* main.m in Sources */ = {isa = PBXBuildFile; fileRef = F285339022BA62A900C2430C /* main.m */; };
		F2C5F4DD2519956F00D38DF5 /* Person.m in Sources */ = {isa = PBXBuildFile; fileRef = F2C5F4DC2519956F00D38DF5 /* Person.m */; };
		F2F5B1EB24F60BD700C8F18F /* NSDictionary+XMHMap.m in Sources */ = {isa = PBXBuildFile; fileRef = F2F5B1E724F60BD700C8F18F /* NSDictionary+XMHMap.m */; };
		F2F5B1EC24F60BD700C8F18F /* NSArray+XMHMap.m in Sources */ = {isa = PBXBuildFile; fileRef = F2F5B1E824F60BD700C8F18F /* NSArray+XMHMap.m */; };
/* End PBXBuildFile section */

/* Begin PBXFileReference section */
		F285337E22BA62A900C2430C /* deferDemo.app */ = {isa = PBXFileReference; explicitFileType = wrapper.application; includeInIndex = 0; path = deferDemo.app; sourceTree = BUILT_PRODUCTS_DIR; };
		F285338122BA62A900C2430C /* AppDelegate.h */ = {isa = PBXFileReference; lastKnownFileType = sourcecode.c.h; path = AppDelegate.h; sourceTree = "<group>"; };
		F285338222BA62A900C2430C /* AppDelegate.m */ = {isa = PBXFileReference; lastKnownFileType = sourcecode.c.objc; path = AppDelegate.m; sourceTree = "<group>"; };
		F285338422BA62A900C2430C /* ViewController.h */ = {isa = PBXFileReference; lastKnownFileType = sourcecode.c.h; path = ViewController.h; sourceTree = "<group>"; };
		F285338522BA62A900C2430C /* ViewController.m */ = {isa = PBXFileReference; lastKnownFileType = sourcecode.c.objc; path = ViewController.m; sourceTree = "<group>"; };
		F285338822BA62A900C2430C /* Base */ = {isa = PBXFileReference; lastKnownFileType = file.storyboard; name = Base; path = Base.lproj/Main.storyboard; sourceTree = "<group>"; };
		F285338A22BA62A900C2430C /* Assets.xcassets */ = {isa = PBXFileReference; lastKnownFileType = folder.assetcatalog; path = Assets.xcassets; sourceTree = "<group>"; };
		F285338D22BA62A900C2430C /* Base */ = {isa = PBXFileReference; lastKnownFileType = file.storyboard; name = Base; path = Base.lproj/LaunchScreen.storyboard; sourceTree = "<group>"; };
		F285338F22BA62A900C2430C /* Info.plist */ = {isa = PBXFileReference; lastKnownFileType = text.plist.xml; path = Info.plist; sourceTree = "<group>"; };
		F285339022BA62A900C2430C /* main.m */ = {isa = PBXFileReference; lastKnownFileType = sourcecode.c.objc; path = main.m; sourceTree = "<group>"; };
		F2C5F4DB2519956F00D38DF5 /* Person.h */ = {isa = PBXFileReference; lastKnownFileType = sourcecode.c.h; path = Person.h; sourceTree = "<group>"; };
		F2C5F4DC2519956F00D38DF5 /* Person.m */ = {isa = PBXFileReference; lastKnownFileType = sourcecode.c.objc; path = Person.m; sourceTree = "<group>"; };
		F2F5B1E724F60BD700C8F18F /* NSDictionary+XMHMap.m */ = {isa = PBXFileReference; fileEncoding = 4; lastKnownFileType = sourcecode.c.objc; path = "NSDictionary+XMHMap.m"; sourceTree = "<group>"; };
		F2F5B1E824F60BD700C8F18F /* NSArray+XMHMap.m */ = {isa = PBXFileReference; fileEncoding = 4; lastKnownFileType = sourcecode.c.objc; path = "NSArray+XMHMap.m"; sourceTree = "<group>"; };
		F2F5B1E924F60BD700C8F18F /* NSDictionary+XMHMap.h */ = {isa = PBXFileReference; fileEncoding = 4; lastKnownFileType = sourcecode.c.h; path = "NSDictionary+XMHMap.h"; sourceTree = "<group>"; };
		F2F5B1EA24F60BD700C8F18F /* NSArray+XMHMap.h */ = {isa = PBXFileReference; fileEncoding = 4; lastKnownFileType = sourcecode.c.h; path = "NSArray+XMHMap.h"; sourceTree = "<group>"; };
/* End PBXFileReference section */

/* Begin PBXFrameworksBuildPhase section */
		F285337B22BA62A900C2430C /* Frameworks */ = {
			isa = PBXFrameworksBuildPhase;
			buildActionMask = 2147483647;
			files = (
			);
			runOnlyForDeploymentPostprocessing = 0;
		};
/* End PBXFrameworksBuildPhase section */

/* Begin PBXGroup section */
		F285337522BA62A900C2430C = {
			isa = PBXGroup;
			children = (
				F285338022BA62A900C2430C /* deferDemo */,
				F285337F22BA62A900C2430C /* Products */,
			);
			sourceTree = "<group>";
		};
		F285337F22BA62A900C2430C /* Products */ = {
			isa = PBXGroup;
			children = (
				F285337E22BA62A900C2430C /* deferDemo.app */,
			);
			name = Products;
			sourceTree = "<group>";
		};
		F285338022BA62A900C2430C /* deferDemo */ = {
			isa = PBXGroup;
			children = (
				F2F5B1E624F60BD700C8F18F /* Category */,
				F285338122BA62A900C2430C /* AppDelegate.h */,
				F285338222BA62A900C2430C /* AppDelegate.m */,
				F285338422BA62A900C2430C /* ViewController.h */,
				F285338522BA62A900C2430C /* ViewController.m */,
				F2C5F4DB2519956F00D38DF5 /* Person.h */,
				F2C5F4DC2519956F00D38DF5 /* Person.m */,
				F285338722BA62A900C2430C /* Main.storyboard */,
				F285338A22BA62A900C2430C /* Assets.xcassets */,
				F285338C22BA62A900C2430C /* LaunchScreen.storyboard */,
				F285338F22BA62A900C2430C /* Info.plist */,
				F285339022BA62A900C2430C /* main.m */,
			);
			path = deferDemo;
			sourceTree = "<group>";
		};
		F2F5B1E624F60BD700C8F18F /* Category */ = {
			isa = PBXGroup;
			children = (
				F2F5B1EA24F60BD700C8F18F /* NSArray+XMHMap.h */,
				F2F5B1E824F60BD700C8F18F /* NSArray+XMHMap.m */,
				F2F5B1E924F60BD700C8F18F /* NSDictionary+XMHMap.h */,
				F2F5B1E724F60BD700C8F18F /* NSDictionary+XMHMap.m */,
			);
			name = Category;
			path = ../../Category;
			sourceTree = "<group>";
		};
/* End PBXGroup section */

/* Begin PBXNativeTarget section */
		F285337D22BA62A900C2430C /* deferDemo */ = {
			isa = PBXNativeTarget;
			buildConfigurationList = F285339422BA62A900C2430C /* Build configuration list for PBXNativeTarget "deferDemo" */;
			buildPhases = (
				F285337A22BA62A900C2430C /* Sources */,
				F285337B22BA62A900C2430C /* Frameworks */,
				F285337C22BA62A900C2430C /* Resources */,
			);
			buildRules = (
			);
			dependencies = (
			);
			name = deferDemo;
			productName = deferDemo;
			productReference = F285337E22BA62A900C2430C /* deferDemo.app */;
			productType = "com.apple.product-type.application";
		};
/* End PBXNativeTarget section */

/* Begin PBXProject section */
		F285337622BA62A900C2430C /* Project object */ = {
			isa = PBXProject;
			attributes = {
				LastUpgradeCheck = 1020;
				ORGANIZATIONNAME = kfw;
				TargetAttributes = {
					F285337D22BA62A900C2430C = {
						CreatedOnToolsVersion = 10.2.1;
					};
				};
			};
			buildConfigurationList = F285337922BA62A900C2430C /* Build configuration list for PBXProject "deferDemo" */;
			compatibilityVersion = "Xcode 9.3";
			developmentRegion = en;
			hasScannedForEncodings = 0;
			knownRegions = (
				en,
				Base,
			);
			mainGroup = F285337522BA62A900C2430C;
			productRefGroup = F285337F22BA62A900C2430C /* Products */;
			projectDirPath = "";
			projectRoot = "";
			targets = (
				F285337D22BA62A900C2430C /* deferDemo */,
			);
		};
/* End PBXProject section */

/* Begin PBXResourcesBuildPhase section */
		F285337C22BA62A900C2430C /* Resources */ = {
			isa = PBXResourcesBuildPhase;
			buildActionMask = 2147483647;
			files = (
				F285338E22BA62A900C2430C /* LaunchScreen.storyboard in Resources */,
				F285338B22BA62A900C2430C /* Assets.xcassets in Resources */,
				F285338922BA62A900C2430C /* Main.storyboard in Resources */,
			);
			runOnlyForDeploymentPostprocessing = 0;
		};
/* End PBXResourcesBuildPhase section */

/* Begin PBXSourcesBuildPhase section */
		F285337A22BA62A900C2430C /* Sources */ = {
			isa = PBXSourcesBuildPhase;
			buildActionMask = 2147483647;
			files = (
				F2C5F4DD2519956F00D38DF5 /* Person.m in Sources */,
				F285338622BA62A900C2430C /* ViewController.m in Sources */,
				F2F5B1EB24F60BD700C8F18F /* NSDictionary+XMHMap.m in Sources */,
				F285339122BA62A900C2430C /* main.m in Sources */,
				F285338322BA62A900C2430C /* AppDelegate.m in Sources */,
				F2F5B1EC24F60BD700C8F18F /* NSArray+XMHMap.m in Sources */,
			);
			runOnlyForDeploymentPostprocessing = 0;
		};
/* End PBXSourcesBuildPhase section */

/* Begin PBXVariantGroup section */
		F285338722BA62A900C2430C /* Main.storyboard */ = {
			isa = PBXVariantGroup;
			children = (
				F285338822BA62A900C2430C /* Base */,
			);
			name = Main.storyboard;
			sourceTree = "<group>";
		};
		F285338C22BA62A900C2430C /* LaunchScreen.storyboard */ = {
			isa = PBXVariantGroup;
			children = (
				F285338D22BA62A900C2430C /* Base */,
			);
			name = LaunchScreen.storyboard;
			sourceTree = "<group>";
		};
/* End PBXVariantGroup section */

/* Begin XCBuildConfiguration section */
		F285339222BA62A900C2430C /* Debug */ = {
			isa = XCBuildConfiguration;
			buildSettings = {
				ALWAYS_SEARCH_USER_PATHS = NO;
				CLANG_ANALYZER_NONNULL = YES;
				CLANG_ANALYZER_NUMBER_OBJECT_CONVERSION = YES_AGGRESSIVE;
				CLANG_CXX_LANGUAGE_STANDARD = "gnu++14";
				CLANG_CXX_LIBRARY = "libc++";
				CLANG_ENABLE_MODULES = YES;
				CLANG_ENABLE_OBJC_ARC = YES;
				CLANG_ENABLE_OBJC_WEAK = YES;
				CLANG_WARN_BLOCK_CAPTURE_AUTORELEASING = YES;
				CLANG_WARN_BOOL_CONVERSION = YES;
				CLANG_WARN_COMMA = YES;
				CLANG_WARN_CONSTANT_CONVERSION = YES;
				CLANG_WARN_DEPRECATED_OBJC_IMPLEMENTATIONS = YES;
				CLANG_WARN_DIRECT_OBJC_ISA_USAGE = YES_ERROR;
				CLANG_WARN_DOCUMENTATION_COMMENTS = YES;
				CLANG_WARN_EMPTY_BODY = YES;
				CLANG_WARN_ENUM_CONVERSION = YES;
				CLANG_WARN_INFINITE_RECURSION = YES;
				CLANG_WARN_INT_CONVERSION = YES;
				CLANG_WARN_NON_LITERAL_NULL_CONVERSION = YES;
				CLANG_WARN_OBJC_IMPLICIT_RETAIN_SELF = YES;
				CLANG_WARN_OBJC_LITERAL_CONVERSION = YES;
				CLANG_WARN_OBJC_ROOT_CLASS = YES_ERROR;
				CLANG_WARN_RANGE_LOOP_ANALYSIS = YES;
				CLANG_WARN_STRICT_PROTOTYPES = YES;
				CLANG_WARN_SUSPICIOUS_MOVE = YES;
				CLANG_WARN_UNGUARDED_AVAILABILITY = YES_AGGRESSIVE;
				CLANG_WARN_UNREACHABLE_CODE = YES;
				CLANG_WARN__DUPLICATE_METHOD_MATCH = YES;
				CODE_SIGN_IDENTITY = "iPhone Developer";
				COPY_PHASE_STRIP = NO;
				DEBUG_INFORMATION_FORMAT = dwarf;
				ENABLE_STRICT_OBJC_MSGSEND = YES;
				ENABLE_TESTABILITY = YES;
				GCC_C_LANGUAGE_STANDARD = gnu11;
				GCC_DYNAMIC_NO_PIC = NO;
				GCC_NO_COMMON_BLOCKS = YES;
				GCC_OPTIMIZATION_LEVEL = 0;
				GCC_PREPROCESSOR_DEFINITIONS = (
					"DEBUG=1",
					"$(inherited)",
				);
				GCC_WARN_64_TO_32_BIT_CONVERSION = YES;
				GCC_WARN_ABOUT_RETURN_TYPE = YES_ERROR;
				GCC_WARN_UNDECLARED_SELECTOR = YES;
				GCC_WARN_UNINITIALIZED_AUTOS = YES_AGGRESSIVE;
				GCC_WARN_UNUSED_FUNCTION = YES;
				GCC_WARN_UNUSED_VARIABLE = YES;
				IPHONEOS_DEPLOYMENT_TARGET = 12.2;
				MTL_ENABLE_DEBUG_INFO = INCLUDE_SOURCE;
				MTL_FAST_MATH = YES;
				ONLY_ACTIVE_ARCH = YES;
				SDKROOT = iphoneos;
			};
			name = Debug;
		};
		F285339322BA62A900C2430C /* Release */ = {
			isa = XCBuildConfiguration;
			buildSettings = {
				ALWAYS_SEARCH_USER_PATHS = NO;
				CLANG_ANALYZER_NONNULL = YES;
				CLANG_ANALYZER_NUMBER_OBJECT_CONVERSION = YES_AGGRESSIVE;
				CLANG_CXX_LANGUAGE_STANDARD = "gnu++14";
				CLANG_CXX_LIBRARY = "libc++";
				CLANG_ENABLE_MODULES = YES;
				CLANG_ENABLE_OBJC_ARC = YES;
				CLANG_ENABLE_OBJC_WEAK = YES;
				CLANG_WARN_BLOCK_CAPTURE_AUTORELEASING = YES;
				CLANG_WARN_BOOL_CONVERSION = YES;
				CLANG_WARN_COMMA = YES;
				CLANG_WARN_CONSTANT_CONVERSION = YES;
				CLANG_WARN_DEPRECATED_OBJC_IMPLEMENTATIONS = YES;
				CLANG_WARN_DIRECT_OBJC_ISA_USAGE = YES_ERROR;
				CLANG_WARN_DOCUMENTATION_COMMENTS = YES;
				CLANG_WARN_EMPTY_BODY = YES;
				CLANG_WARN_ENUM_CONVERSION = YES;
				CLANG_WARN_INFINITE_RECURSION = YES;
				CLANG_WARN_INT_CONVERSION = YES;
				CLANG_WARN_NON_LITERAL_NULL_CONVERSION = YES;
				CLANG_WARN_OBJC_IMPLICIT_RETAIN_SELF = YES;
				CLANG_WARN_OBJC_LITERAL_CONVERSION = YES;
				CLANG_WARN_OBJC_ROOT_CLASS = YES_ERROR;
				CLANG_WARN_RANGE_LOOP_ANALYSIS = YES;
				CLANG_WARN_STRICT_PROTOTYPES = YES;
				CLANG_WARN_SUSPICIOUS_MOVE = YES;
				CLANG_WARN_UNGUARDED_AVAILABILITY = YES_AGGRESSIVE;
				CLANG_WARN_UNREACHABLE_CODE = YES;
				CLANG_WARN__DUPLICATE_METHOD_MATCH = YES;
				CODE_SIGN_IDENTITY = "iPhone Developer";
				COPY_PHASE_STRIP = NO;
				DEBUG_INFORMATION_FORMAT = "dwarf-with-dsym";
				ENABLE_NS_ASSERTIONS = NO;
				ENABLE_STRICT_OBJC_MSGSEND = YES;
				GCC_C_LANGUAGE_STANDARD = gnu11;
				GCC_NO_COMMON_BLOCKS = YES;
				GCC_WARN_64_TO_32_BIT_CONVERSION = YES;
				GCC_WARN_ABOUT_RETURN_TYPE = YES_ERROR;
				GCC_WARN_UNDECLARED_SELECTOR = YES;
				GCC_WARN_UNINITIALIZED_AUTOS = YES_AGGRESSIVE;
				GCC_WARN_UNUSED_FUNCTION = YES;
				GCC_WARN_UNUSED_VARIABLE = YES;
				IPHONEOS_DEPLOYMENT_TARGET = 12.2;
				MTL_ENABLE_DEBUG_INFO = NO;
				MTL_FAST_MATH = YES;
				SDKROOT = iphoneos;
				VALIDATE_PRODUCT = YES;
			};
			name = Release;
		};
		F285339522BA62A900C2430C /* Debug */ = {
			isa = XCBuildConfiguration;
			buildSettings = {
				ASSETCATALOG_COMPILER_APPICON_NAME = AppIcon;
				CODE_SIGN_STYLE = Automatic;
				INFOPLIST_FILE = deferDemo/Info.plist;
				LD_RUNPATH_SEARCH_PATHS = (
					"$(inherited)",
					"@executable_path/Frameworks",
				);
				PRODUCT_BUNDLE_IDENTIFIER = f.deferDemo;
				PRODUCT_NAME = "$(TARGET_NAME)";
				TARGETED_DEVICE_FAMILY = "1,2";
			};
			name = Debug;
		};
		F285339622BA62A900C2430C /* Release */ = {
			isa = XCBuildConfiguration;
			buildSettings = {
				ASSETCATALOG_COMPILER_APPICON_NAME = AppIcon;
				CODE_SIGN_STYLE = Automatic;
				INFOPLIST_FILE = deferDemo/Info.plist;
				LD_RUNPATH_SEARCH_PATHS = (
					"$(inherited)",
					"@executable_path/Frameworks",
				);
				PRODUCT_BUNDLE_IDENTIFIER = f.deferDemo;
				PRODUCT_NAME = "$(TARGET_NAME)";
				TARGETED_DEVICE_FAMILY = "1,2";
			};
			name = Release;
		};
/* End XCBuildConfiguration section */

/* Begin XCConfigurationList section */
		F285337922BA62A900C2430C /* Build configuration list for PBXProject "deferDemo" */ = {
			isa = XCConfigurationList;
			buildConfigurations = (
				F285339222BA62A900C2430C /* Debug */,
				F285339322BA62A900C2430C /* Release */,
			);
			defaultConfigurationIsVisible = 0;
			defaultConfigurationName = Release;
		};
		F285339422BA62A900C2430C /* Build configuration list for PBXNativeTarget "deferDemo" */ = {
			isa = XCConfigurationList;
			buildConfigurations = (
				F285339522BA62A900C2430C /* Debug */,
				F285339622BA62A900C2430C /* Release */,
			);
			defaultConfigurationIsVisible = 0;
			defaultConfigurationName = Release;
		};
/* End XCConfigurationList section */
	};
	rootObject = F285337622BA62A900C2430C /* Project object */;
}
