// !$*UTF8*$!
{
	archiveVersion = 1;
	classes = {
	};
	objectVersion = 50;
	objects = {

/* Begin PBXBuildFile section */
		F2D130362387DE3A00667D71 /* AppDelegate.swift in Sources */ = {isa = PBXBuildFile; fileRef = F2D130352387DE3A00667D71 /* AppDelegate.swift */; };
		F2D130382387DE3A00667D71 /* SceneDelegate.swift in Sources */ = {isa = PBXBuildFile; fileRef = F2D130372387DE3A00667D71 /* SceneDelegate.swift */; };
		F2D1303A2387DE3A00667D71 /* ViewController.swift in Sources */ = {isa = PBXBuildFile; fileRef = F2D130392387DE3A00667D71 /* ViewController.swift */; };
		F2D1303D2387DE3A00667D71 /* Main.storyboard in Resources */ = {isa = PBXBuildFile; fileRef = F2D1303B2387DE3A00667D71 /* Main.storyboard */; };
		F2D1303F2387DE3B00667D71 /* Assets.xcassets in Resources */ = {isa = PBXBuildFile; fileRef = F2D1303E2387DE3B00667D71 /* Assets.xcassets */; };
		F2D130422387DE3B00667D71 /* LaunchScreen.storyboard in Resources */ = {isa = PBXBuildFile; fileRef = F2D130402387DE3B00667D71 /* LaunchScreen.storyboard */; };
/* End PBXBuildFile section */

/* Begin PBXFileReference section */
		F2D130322387DE3A00667D71 /* SwiftDemo-@propertyWrapper.app */ = {isa = PBXFileReference; explicitFileType = wrapper.application; includeInIndex = 0; path = "SwiftDemo-@propertyWrapper.app"; sourceTree = BUILT_PRODUCTS_DIR; };
		F2D130352387DE3A00667D71 /* AppDelegate.swift */ = {isa = PBXFileReference; lastKnownFileType = sourcecode.swift; path = AppDelegate.swift; sourceTree = "<group>"; };
		F2D130372387DE3A00667D71 /* SceneDelegate.swift */ = {isa = PBXFileReference; lastKnownFileType = sourcecode.swift; path = SceneDelegate.swift; sourceTree = "<group>"; };
		F2D130392387DE3A00667D71 /* ViewController.swift */ = {isa = PBXFileReference; lastKnownFileType = sourcecode.swift; path = ViewController.swift; sourceTree = "<group>"; };
		F2D1303C2387DE3A00667D71 /* Base */ = {isa = PBXFileReference; lastKnownFileType = file.storyboard; name = Base; path = Base.lproj/Main.storyboard; sourceTree = "<group>"; };
		F2D1303E2387DE3B00667D71 /* Assets.xcassets */ = {isa = PBXFileReference; lastKnownFileType = folder.assetcatalog; path = Assets.xcassets; sourceTree = "<group>"; };
		F2D130412387DE3B00667D71 /* Base */ = {isa = PBXFileReference; lastKnownFileType = file.storyboard; name = Base; path = Base.lproj/LaunchScreen.storyboard; sourceTree = "<group>"; };
		F2D130432387DE3B00667D71 /* Info.plist */ = {isa = PBXFileReference; lastKnownFileType = text.plist.xml; path = Info.plist; sourceTree = "<group>"; };
/* End PBXFileReference section */

/* Begin PBXFrameworksBuildPhase section */
		F2D1302F2387DE3A00667D71 /* Frameworks */ = {
			isa = PBXFrameworksBuildPhase;
			buildActionMask = 2147483647;
			files = (
			);
			runOnlyForDeploymentPostprocessing = 0;
		};
/* End PBXFrameworksBuildPhase section */

/* Begin PBXGroup section */
		F2D130292387DE3A00667D71 = {
			isa = PBXGroup;
			children = (
				F2D130342387DE3A00667D71 /* SwiftDemo-@propertyWrapper */,
				F2D130332387DE3A00667D71 /* Products */,
			);
			sourceTree = "<group>";
		};
		F2D130332387DE3A00667D71 /* Products */ = {
			isa = PBXGroup;
			children = (
				F2D130322387DE3A00667D71 /* SwiftDemo-@propertyWrapper.app */,
			);
			name = Products;
			sourceTree = "<group>";
		};
		F2D130342387DE3A00667D71 /* SwiftDemo-@propertyWrapper */ = {
			isa = PBXGroup;
			children = (
				F2D130352387DE3A00667D71 /* AppDelegate.swift */,
				F2D130372387DE3A00667D71 /* SceneDelegate.swift */,
				F2D130392387DE3A00667D71 /* ViewController.swift */,
				F2D1303B2387DE3A00667D71 /* Main.storyboard */,
				F2D1303E2387DE3B00667D71 /* Assets.xcassets */,
				F2D130402387DE3B00667D71 /* LaunchScreen.storyboard */,
				F2D130432387DE3B00667D71 /* Info.plist */,
			);
			path = "SwiftDemo-@propertyWrapper";
			sourceTree = "<group>";
		};
/* End PBXGroup section */

/* Begin PBXNativeTarget section */
		F2D130312387DE3A00667D71 /* SwiftDemo-@propertyWrapper */ = {
			isa = PBXNativeTarget;
			buildConfigurationList = F2D130462387DE3B00667D71 /* Build configuration list for PBXNativeTarget "SwiftDemo-@propertyWrapper" */;
			buildPhases = (
				F2D1302E2387DE3A00667D71 /* Sources */,
				F2D1302F2387DE3A00667D71 /* Frameworks */,
				F2D130302387DE3A00667D71 /* Resources */,
			);
			buildRules = (
			);
			dependencies = (
			);
			name = "SwiftDemo-@propertyWrapper";
			productName = "SwiftDemo-@propertyWrapper";
			productReference = F2D130322387DE3A00667D71 /* SwiftDemo-@propertyWrapper.app */;
			productType = "com.apple.product-type.application";
		};
/* End PBXNativeTarget section */

/* Begin PBXProject section */
		F2D1302A2387DE3A00667D71 /* Project object */ = {
			isa = PBXProject;
			attributes = {
				LastSwiftUpdateCheck = 1120;
				LastUpgradeCheck = 1120;
				ORGANIZATIONNAME = "神灯智能";
				TargetAttributes = {
					F2D130312387DE3A00667D71 = {
						CreatedOnToolsVersion = 11.2.1;
					};
				};
			};
			buildConfigurationList = F2D1302D2387DE3A00667D71 /* Build configuration list for PBXProject "SwiftDemo-@propertyWrapper" */;
			compatibilityVersion = "Xcode 9.3";
			developmentRegion = en;
			hasScannedForEncodings = 0;
			knownRegions = (
				en,
				Base,
			);
			mainGroup = F2D130292387DE3A00667D71;
			productRefGroup = F2D130332387DE3A00667D71 /* Products */;
			projectDirPath = "";
			projectRoot = "";
			targets = (
				F2D130312387DE3A00667D71 /* SwiftDemo-@propertyWrapper */,
			);
		};
/* End PBXProject section */

/* Begin PBXResourcesBuildPhase section */
		F2D130302387DE3A00667D71 /* Resources */ = {
			isa = PBXResourcesBuildPhase;
			buildActionMask = 2147483647;
			files = (
				F2D130422387DE3B00667D71 /* LaunchScreen.storyboard in Resources */,
				F2D1303F2387DE3B00667D71 /* Assets.xcassets in Resources */,
				F2D1303D2387DE3A00667D71 /* Main.storyboard in Resources */,
			);
			runOnlyForDeploymentPostprocessing = 0;
		};
/* End PBXResourcesBuildPhase section */

/* Begin PBXSourcesBuildPhase section */
		F2D1302E2387DE3A00667D71 /* Sources */ = {
			isa = PBXSourcesBuildPhase;
			buildActionMask = 2147483647;
			files = (
				F2D1303A2387DE3A00667D71 /* ViewController.swift in Sources */,
				F2D130362387DE3A00667D71 /* AppDelegate.swift in Sources */,
				F2D130382387DE3A00667D71 /* SceneDelegate.swift in Sources */,
			);
			runOnlyForDeploymentPostprocessing = 0;
		};
/* End PBXSourcesBuildPhase section */

/* Begin PBXVariantGroup section */
		F2D1303B2387DE3A00667D71 /* Main.storyboard */ = {
			isa = PBXVariantGroup;
			children = (
				F2D1303C2387DE3A00667D71 /* Base */,
			);
			name = Main.storyboard;
			sourceTree = "<group>";
		};
		F2D130402387DE3B00667D71 /* LaunchScreen.storyboard */ = {
			isa = PBXVariantGroup;
			children = (
				F2D130412387DE3B00667D71 /* Base */,
			);
			name = LaunchScreen.storyboard;
			sourceTree = "<group>";
		};
/* End PBXVariantGroup section */

/* Begin XCBuildConfiguration section */
		F2D130442387DE3B00667D71 /* Debug */ = {
			isa = XCBuildConfiguration;
			buildSettings = {
				ALWAYS_SEARCH_USER_PATHS = NO;
				CLANG_ANALYZER_NONNULL = YES;
				CLANG_ANALYZER_NUMBER_OBJECT_CONVERSION = YES_AGGRESSIVE;
				CLANG_CXX_LANGUAGE_STANDARD = "gnu++14";
				CLANG_CXX_LIBRARY = "libc++";
				CLANG_ENABLE_MODULES = YES;
				CLANG_ENABLE_OBJC_ARC = YES;
				CLANG_ENABLE_OBJC_WEAK = YES;
				CLANG_WARN_BLOCK_CAPTURE_AUTORELEASING = YES;
				CLANG_WARN_BOOL_CONVERSION = YES;
				CLANG_WARN_COMMA = YES;
				CLANG_WARN_CONSTANT_CONVERSION = YES;
				CLANG_WARN_DEPRECATED_OBJC_IMPLEMENTATIONS = YES;
				CLANG_WARN_DIRECT_OBJC_ISA_USAGE = YES_ERROR;
				CLANG_WARN_DOCUMENTATION_COMMENTS = YES;
				CLANG_WARN_EMPTY_BODY = YES;
				CLANG_WARN_ENUM_CONVERSION = YES;
				CLANG_WARN_INFINITE_RECURSION = YES;
				CLANG_WARN_INT_CONVERSION = YES;
				CLANG_WARN_NON_LITERAL_NULL_CONVERSION = YES;
				CLANG_WARN_OBJC_IMPLICIT_RETAIN_SELF = YES;
				CLANG_WARN_OBJC_LITERAL_CONVERSION = YES;
				CLANG_WARN_OBJC_ROOT_CLASS = YES_ERROR;
				CLANG_WARN_RANGE_LOOP_ANALYSIS = YES;
				CLANG_WARN_STRICT_PROTOTYPES = YES;
				CLANG_WARN_SUSPICIOUS_MOVE = YES;
				CLANG_WARN_UNGUARDED_AVAILABILITY = YES_AGGRESSIVE;
				CLANG_WARN_UNREACHABLE_CODE = YES;
				CLANG_WARN__DUPLICATE_METHOD_MATCH = YES;
				COPY_PHASE_STRIP = NO;
				DEBUG_INFORMATION_FORMAT = dwarf;
				ENABLE_STRICT_OBJC_MSGSEND = YES;
				ENABLE_TESTABILITY = YES;
				GCC_C_LANGUAGE_STANDARD = gnu11;
				GCC_DYNAMIC_NO_PIC = NO;
				GCC_NO_COMMON_BLOCKS = YES;
				GCC_OPTIMIZATION_LEVEL = 0;
				GCC_PREPROCESSOR_DEFINITIONS = (
					"DEBUG=1",
					"$(inherited)",
				);
				GCC_WARN_64_TO_32_BIT_CONVERSION = YES;
				GCC_WARN_ABOUT_RETURN_TYPE = YES_ERROR;
				GCC_WARN_UNDECLARED_SELECTOR = YES;
				GCC_WARN_UNINITIALIZED_AUTOS = YES_AGGRESSIVE;
				GCC_WARN_UNUSED_FUNCTION = YES;
				GCC_WARN_UNUSED_VARIABLE = YES;
				IPHONEOS_DEPLOYMENT_TARGET = 13.2;
				MTL_ENABLE_DEBUG_INFO = INCLUDE_SOURCE;
				MTL_FAST_MATH = YES;
				ONLY_ACTIVE_ARCH = YES;
				SDKROOT = iphoneos;
				SWIFT_ACTIVE_COMPILATION_CONDITIONS = DEBUG;
				SWIFT_OPTIMIZATION_LEVEL = "-Onone";
			};
			name = Debug;
		};
		F2D130452387DE3B00667D71 /* Release */ = {
			isa = XCBuildConfiguration;
			buildSettings = {
				ALWAYS_SEARCH_USER_PATHS = NO;
				CLANG_ANALYZER_NONNULL = YES;
				CLANG_ANALYZER_NUMBER_OBJECT_CONVERSION = YES_AGGRESSIVE;
				CLANG_CXX_LANGUAGE_STANDARD = "gnu++14";
				CLANG_CXX_LIBRARY = "libc++";
				CLANG_ENABLE_MODULES = YES;
				CLANG_ENABLE_OBJC_ARC = YES;
				CLANG_ENABLE_OBJC_WEAK = YES;
				CLANG_WARN_BLOCK_CAPTURE_AUTORELEASING = YES;
				CLANG_WARN_BOOL_CONVERSION = YES;
				CLANG_WARN_COMMA = YES;
				CLANG_WARN_CONSTANT_CONVERSION = YES;
				CLANG_WARN_DEPRECATED_OBJC_IMPLEMENTATIONS = YES;
				CLANG_WARN_DIRECT_OBJC_ISA_USAGE = YES_ERROR;
				CLANG_WARN_DOCUMENTATION_COMMENTS = YES;
				CLANG_WARN_EMPTY_BODY = YES;
				CLANG_WARN_ENUM_CONVERSION = YES;
				CLANG_WARN_INFINITE_RECURSION = YES;
				CLANG_WARN_INT_CONVERSION = YES;
				CLANG_WARN_NON_LITERAL_NULL_CONVERSION = YES;
				CLANG_WARN_OBJC_IMPLICIT_RETAIN_SELF = YES;
				CLANG_WARN_OBJC_LITERAL_CONVERSION = YES;
				CLANG_WARN_OBJC_ROOT_CLASS = YES_ERROR;
				CLANG_WARN_RANGE_LOOP_ANALYSIS = YES;
				CLANG_WARN_STRICT_PROTOTYPES = YES;
				CLANG_WARN_SUSPICIOUS_MOVE = YES;
				CLANG_WARN_UNGUARDED_AVAILABILITY = YES_AGGRESSIVE;
				CLANG_WARN_UNREACHABLE_CODE = YES;
				CLANG_WARN__DUPLICATE_METHOD_MATCH = YES;
				COPY_PHASE_STRIP = NO;
				DEBUG_INFORMATION_FORMAT = "dwarf-with-dsym";
				ENABLE_NS_ASSERTIONS = NO;
				ENABLE_STRICT_OBJC_MSGSEND = YES;
				GCC_C_LANGUAGE_STANDARD = gnu11;
				GCC_NO_COMMON_BLOCKS = YES;
				GCC_WARN_64_TO_32_BIT_CONVERSION = YES;
				GCC_WARN_ABOUT_RETURN_TYPE = YES_ERROR;
				GCC_WARN_UNDECLARED_SELECTOR = YES;
				GCC_WARN_UNINITIALIZED_AUTOS = YES_AGGRESSIVE;
				GCC_WARN_UNUSED_FUNCTION = YES;
				GCC_WARN_UNUSED_VARIABLE = YES;
				IPHONEOS_DEPLOYMENT_TARGET = 13.2;
				MTL_ENABLE_DEBUG_INFO = NO;
				MTL_FAST_MATH = YES;
				SDKROOT = iphoneos;
				SWIFT_COMPILATION_MODE = wholemodule;
				SWIFT_OPTIMIZATION_LEVEL = "-O";
				VALIDATE_PRODUCT = YES;
			};
			name = Release;
		};
		F2D130472387DE3B00667D71 /* Debug */ = {
			isa = XCBuildConfiguration;
			buildSettings = {
				ASSETCATALOG_COMPILER_APPICON_NAME = AppIcon;
				CODE_SIGN_STYLE = Automatic;
				DEVELOPMENT_TEAM = 346QFZZACH;
				INFOPLIST_FILE = "SwiftDemo-@propertyWrapper/Info.plist";
				LD_RUNPATH_SEARCH_PATHS = (
					"$(inherited)",
					"@executable_path/Frameworks",
				);
				PRODUCT_BUNDLE_IDENTIFIER = "com.shendeng.zhineng.SwiftDemo--propertyWrapper";
				PRODUCT_NAME = "$(TARGET_NAME)";
				SWIFT_VERSION = 5.0;
				TARGETED_DEVICE_FAMILY = "1,2";
			};
			name = Debug;
		};
		F2D130482387DE3B00667D71 /* Release */ = {
			isa = XCBuildConfiguration;
			buildSettings = {
				ASSETCATALOG_COMPILER_APPICON_NAME = AppIcon;
				CODE_SIGN_STYLE = Automatic;
				DEVELOPMENT_TEAM = 346QFZZACH;
				INFOPLIST_FILE = "SwiftDemo-@propertyWrapper/Info.plist";
				LD_RUNPATH_SEARCH_PATHS = (
					"$(inherited)",
					"@executable_path/Frameworks",
				);
				PRODUCT_BUNDLE_IDENTIFIER = "com.shendeng.zhineng.SwiftDemo--propertyWrapper";
				PRODUCT_NAME = "$(TARGET_NAME)";
				SWIFT_VERSION = 5.0;
				TARGETED_DEVICE_FAMILY = "1,2";
			};
			name = Release;
		};
/* End XCBuildConfiguration section */

/* Begin XCConfigurationList section */
		F2D1302D2387DE3A00667D71 /* Build configuration list for PBXProject "SwiftDemo-@propertyWrapper" */ = {
			isa = XCConfigurationList;
			buildConfigurations = (
				F2D130442387DE3B00667D71 /* Debug */,
				F2D130452387DE3B00667D71 /* Release */,
			);
			defaultConfigurationIsVisible = 0;
			defaultConfigurationName = Release;
		};
		F2D130462387DE3B00667D71 /* Build configuration list for PBXNativeTarget "SwiftDemo-@propertyWrapper" */ = {
			isa = XCConfigurationList;
			buildConfigurations = (
				F2D130472387DE3B00667D71 /* Debug */,
				F2D130482387DE3B00667D71 /* Release */,
			);
			defaultConfigurationIsVisible = 0;
			defaultConfigurationName = Release;
		};
/* End XCConfigurationList section */
	};
	rootObject = F2D1302A2387DE3A00667D71 /* Project object */;
}
