// !$*UTF8*$!
{
	archiveVersion = 1;
	classes = {
	};
	objectVersion = 50;
	objects = {

/* Begin PBXBuildFile section */
		F217F24623A31F8C00774D09 /* AppDelegate.m in Sources */ = {isa = PBXBuildFile; fileRef = F217F24523A31F8C00774D09 /* AppDelegate.m */; };
		F217F24923A31F8C00774D09 /* SceneDelegate.m in Sources */ = {isa = PBXBuildFile; fileRef = F217F24823A31F8C00774D09 /* SceneDelegate.m */; };
		F217F24C23A31F8C00774D09 /* ViewController.m in Sources */ = {isa = PBXBuildFile; fileRef = F217F24B23A31F8C00774D09 /* ViewController.m */; };
		F217F24F23A31F8C00774D09 /* Main.storyboard in Resources */ = {isa = PBXBuildFile; fileRef = F217F24D23A31F8C00774D09 /* Main.storyboard */; };
		F217F25123A31F8E00774D09 /* Assets.xcassets in Resources */ = {isa = PBXBuildFile; fileRef = F217F25023A31F8E00774D09 /* Assets.xcassets */; };
		F217F25423A31F8E00774D09 /* LaunchScreen.storyboard in Resources */ = {isa = PBXBuildFile; fileRef = F217F25223A31F8E00774D09 /* LaunchScreen.storyboard */; };
		F217F25723A31F8E00774D09 /* main.m in Sources */ = {isa = PBXBuildFile; fileRef = F217F25623A31F8E00774D09 /* main.m */; };
		F217F26023A31FCE00774D09 /* UILabel+XMHConvenient.m in Sources */ = {isa = PBXBuildFile; fileRef = F217F25F23A31FCE00774D09 /* UILabel+XMHConvenient.m */; };
		F217F27B23A329DF00774D09 /* NSLayoutConstraint+MASDebugAdditions.m in Sources */ = {isa = PBXBuildFile; fileRef = F217F26323A329DF00774D09 /* NSLayoutConstraint+MASDebugAdditions.m */; };
		F217F27C23A329DF00774D09 /* ViewController+MASAdditions.m in Sources */ = {isa = PBXBuildFile; fileRef = F217F26C23A329DF00774D09 /* ViewController+MASAdditions.m */; };
		F217F27D23A329DF00774D09 /* MASCompositeConstraint.m in Sources */ = {isa = PBXBuildFile; fileRef = F217F27023A329DF00774D09 /* MASCompositeConstraint.m */; };
		F217F27E23A329DF00774D09 /* MASConstraintMaker.m in Sources */ = {isa = PBXBuildFile; fileRef = F217F27123A329DF00774D09 /* MASConstraintMaker.m */; };
		F217F27F23A329DF00774D09 /* MASLayoutConstraint.m in Sources */ = {isa = PBXBuildFile; fileRef = F217F27223A329DF00774D09 /* MASLayoutConstraint.m */; };
		F217F28023A329DF00774D09 /* NSArray+MASAdditions.m in Sources */ = {isa = PBXBuildFile; fileRef = F217F27323A329DF00774D09 /* NSArray+MASAdditions.m */; };
		F217F28123A329DF00774D09 /* View+MASAdditions.m in Sources */ = {isa = PBXBuildFile; fileRef = F217F27423A329DF00774D09 /* View+MASAdditions.m */; };
		F217F28223A329DF00774D09 /* MASConstraint.m in Sources */ = {isa = PBXBuildFile; fileRef = F217F27723A329DF00774D09 /* MASConstraint.m */; };
		F217F28323A329DF00774D09 /* MASViewConstraint.m in Sources */ = {isa = PBXBuildFile; fileRef = F217F27923A329DF00774D09 /* MASViewConstraint.m */; };
		F217F28423A329DF00774D09 /* MASViewAttribute.m in Sources */ = {isa = PBXBuildFile; fileRef = F217F27A23A329DF00774D09 /* MASViewAttribute.m */; };
		F217F28723A3417300774D09 /* UIView+XMHConvenient.m in Sources */ = {isa = PBXBuildFile; fileRef = F217F28623A3417300774D09 /* UIView+XMHConvenient.m */; };
		F217F28B23A4BBB100774D09 /* UIButton+XMHConvenient.m in Sources */ = {isa = PBXBuildFile; fileRef = F217F28A23A4BBB100774D09 /* UIButton+XMHConvenient.m */; };
		F217F28E23A4C50D00774D09 /* UIControl+XMHConvenient.m in Sources */ = {isa = PBXBuildFile; fileRef = F217F28D23A4C50D00774D09 /* UIControl+XMHConvenient.m */; };
		F217F29123A4D02000774D09 /* UIImageView+XMHConvenient.m in Sources */ = {isa = PBXBuildFile; fileRef = F217F29023A4D02000774D09 /* UIImageView+XMHConvenient.m */; };
		F217F29423A4D38400774D09 /* UITextField+XMHConvenient.m in Sources */ = {isa = PBXBuildFile; fileRef = F217F29323A4D38400774D09 /* UITextField+XMHConvenient.m */; };
		F217F29723A4DB5000774D09 /* UITextView+XMHConvenient.m in Sources */ = {isa = PBXBuildFile; fileRef = F217F29623A4DB5000774D09 /* UITextView+XMHConvenient.m */; };
		F217F29A23A71B0C00774D09 /* UITableView+XMHConvenient.m in Sources */ = {isa = PBXBuildFile; fileRef = F217F29923A71B0C00774D09 /* UITableView+XMHConvenient.m */; };
/* End PBXBuildFile section */

/* Begin PBXFileReference section */
		F217F24123A31F8C00774D09 /* XMHUIKit.app */ = {isa = PBXFileReference; explicitFileType = wrapper.application; includeInIndex = 0; path = XMHUIKit.app; sourceTree = BUILT_PRODUCTS_DIR; };
		F217F24423A31F8C00774D09 /* AppDelegate.h */ = {isa = PBXFileReference; lastKnownFileType = sourcecode.c.h; path = AppDelegate.h; sourceTree = "<group>"; };
		F217F24523A31F8C00774D09 /* AppDelegate.m */ = {isa = PBXFileReference; lastKnownFileType = sourcecode.c.objc; path = AppDelegate.m; sourceTree = "<group>"; };
		F217F24723A31F8C00774D09 /* SceneDelegate.h */ = {isa = PBXFileReference; lastKnownFileType = sourcecode.c.h; path = SceneDelegate.h; sourceTree = "<group>"; };
		F217F24823A31F8C00774D09 /* SceneDelegate.m */ = {isa = PBXFileReference; lastKnownFileType = sourcecode.c.objc; path = SceneDelegate.m; sourceTree = "<group>"; };
		F217F24A23A31F8C00774D09 /* ViewController.h */ = {isa = PBXFileReference; lastKnownFileType = sourcecode.c.h; path = ViewController.h; sourceTree = "<group>"; };
		F217F24B23A31F8C00774D09 /* ViewController.m */ = {isa = PBXFileReference; lastKnownFileType = sourcecode.c.objc; path = ViewController.m; sourceTree = "<group>"; };
		F217F24E23A31F8C00774D09 /* Base */ = {isa = PBXFileReference; lastKnownFileType = file.storyboard; name = Base; path = Base.lproj/Main.storyboard; sourceTree = "<group>"; };
		F217F25023A31F8E00774D09 /* Assets.xcassets */ = {isa = PBXFileReference; lastKnownFileType = folder.assetcatalog; path = Assets.xcassets; sourceTree = "<group>"; };
		F217F25323A31F8E00774D09 /* Base */ = {isa = PBXFileReference; lastKnownFileType = file.storyboard; name = Base; path = Base.lproj/LaunchScreen.storyboard; sourceTree = "<group>"; };
		F217F25523A31F8E00774D09 /* Info.plist */ = {isa = PBXFileReference; lastKnownFileType = text.plist.xml; path = Info.plist; sourceTree = "<group>"; };
		F217F25623A31F8E00774D09 /* main.m */ = {isa = PBXFileReference; lastKnownFileType = sourcecode.c.objc; path = main.m; sourceTree = "<group>"; };
		F217F25E23A31FCE00774D09 /* UILabel+XMHConvenient.h */ = {isa = PBXFileReference; lastKnownFileType = sourcecode.c.h; path = "UILabel+XMHConvenient.h"; sourceTree = "<group>"; };
		F217F25F23A31FCE00774D09 /* UILabel+XMHConvenient.m */ = {isa = PBXFileReference; lastKnownFileType = sourcecode.c.objc; path = "UILabel+XMHConvenient.m"; sourceTree = "<group>"; };
		F217F26223A329DF00774D09 /* MASCompositeConstraint.h */ = {isa = PBXFileReference; fileEncoding = 4; lastKnownFileType = sourcecode.c.h; path = MASCompositeConstraint.h; sourceTree = "<group>"; };
		F217F26323A329DF00774D09 /* NSLayoutConstraint+MASDebugAdditions.m */ = {isa = PBXFileReference; fileEncoding = 4; lastKnownFileType = sourcecode.c.objc; path = "NSLayoutConstraint+MASDebugAdditions.m"; sourceTree = "<group>"; };
		F217F26423A329DF00774D09 /* MASConstraint+Private.h */ = {isa = PBXFileReference; fileEncoding = 4; lastKnownFileType = sourcecode.c.h; path = "MASConstraint+Private.h"; sourceTree = "<group>"; };
		F217F26523A329DF00774D09 /* MASLayoutConstraint.h */ = {isa = PBXFileReference; fileEncoding = 4; lastKnownFileType = sourcecode.c.h; path = MASLayoutConstraint.h; sourceTree = "<group>"; };
		F217F26623A329DF00774D09 /* NSArray+MASShorthandAdditions.h */ = {isa = PBXFileReference; fileEncoding = 4; lastKnownFileType = sourcecode.c.h; path = "NSArray+MASShorthandAdditions.h"; sourceTree = "<group>"; };
		F217F26723A329DF00774D09 /* MASConstraintMaker.h */ = {isa = PBXFileReference; fileEncoding = 4; lastKnownFileType = sourcecode.c.h; path = MASConstraintMaker.h; sourceTree = "<group>"; };
		F217F26823A329DF00774D09 /* View+MASAdditions.h */ = {isa = PBXFileReference; fileEncoding = 4; lastKnownFileType = sourcecode.c.h; path = "View+MASAdditions.h"; sourceTree = "<group>"; };
		F217F26923A329DF00774D09 /* NSArray+MASAdditions.h */ = {isa = PBXFileReference; fileEncoding = 4; lastKnownFileType = sourcecode.c.h; path = "NSArray+MASAdditions.h"; sourceTree = "<group>"; };
		F217F26A23A329DF00774D09 /* MASUtilities.h */ = {isa = PBXFileReference; fileEncoding = 4; lastKnownFileType = sourcecode.c.h; path = MASUtilities.h; sourceTree = "<group>"; };
		F217F26B23A329DF00774D09 /* MASViewAttribute.h */ = {isa = PBXFileReference; fileEncoding = 4; lastKnownFileType = sourcecode.c.h; path = MASViewAttribute.h; sourceTree = "<group>"; };
		F217F26C23A329DF00774D09 /* ViewController+MASAdditions.m */ = {isa = PBXFileReference; fileEncoding = 4; lastKnownFileType = sourcecode.c.objc; path = "ViewController+MASAdditions.m"; sourceTree = "<group>"; };
		F217F26D23A329DF00774D09 /* MASViewConstraint.h */ = {isa = PBXFileReference; fileEncoding = 4; lastKnownFileType = sourcecode.c.h; path = MASViewConstraint.h; sourceTree = "<group>"; };
		F217F26E23A329DF00774D09 /* MASConstraint.h */ = {isa = PBXFileReference; fileEncoding = 4; lastKnownFileType = sourcecode.c.h; path = MASConstraint.h; sourceTree = "<group>"; };
		F217F26F23A329DF00774D09 /* NSLayoutConstraint+MASDebugAdditions.h */ = {isa = PBXFileReference; fileEncoding = 4; lastKnownFileType = sourcecode.c.h; path = "NSLayoutConstraint+MASDebugAdditions.h"; sourceTree = "<group>"; };
		F217F27023A329DF00774D09 /* MASCompositeConstraint.m */ = {isa = PBXFileReference; fileEncoding = 4; lastKnownFileType = sourcecode.c.objc; path = MASCompositeConstraint.m; sourceTree = "<group>"; };
		F217F27123A329DF00774D09 /* MASConstraintMaker.m */ = {isa = PBXFileReference; fileEncoding = 4; lastKnownFileType = sourcecode.c.objc; path = MASConstraintMaker.m; sourceTree = "<group>"; };
		F217F27223A329DF00774D09 /* MASLayoutConstraint.m */ = {isa = PBXFileReference; fileEncoding = 4; lastKnownFileType = sourcecode.c.objc; path = MASLayoutConstraint.m; sourceTree = "<group>"; };
		F217F27323A329DF00774D09 /* NSArray+MASAdditions.m */ = {isa = PBXFileReference; fileEncoding = 4; lastKnownFileType = sourcecode.c.objc; path = "NSArray+MASAdditions.m"; sourceTree = "<group>"; };
		F217F27423A329DF00774D09 /* View+MASAdditions.m */ = {isa = PBXFileReference; fileEncoding = 4; lastKnownFileType = sourcecode.c.objc; path = "View+MASAdditions.m"; sourceTree = "<group>"; };
		F217F27523A329DF00774D09 /* View+MASShorthandAdditions.h */ = {isa = PBXFileReference; fileEncoding = 4; lastKnownFileType = sourcecode.c.h; path = "View+MASShorthandAdditions.h"; sourceTree = "<group>"; };
		F217F27623A329DF00774D09 /* Masonry.h */ = {isa = PBXFileReference; fileEncoding = 4; lastKnownFileType = sourcecode.c.h; path = Masonry.h; sourceTree = "<group>"; };
		F217F27723A329DF00774D09 /* MASConstraint.m */ = {isa = PBXFileReference; fileEncoding = 4; lastKnownFileType = sourcecode.c.objc; path = MASConstraint.m; sourceTree = "<group>"; };
		F217F27823A329DF00774D09 /* ViewController+MASAdditions.h */ = {isa = PBXFileReference; fileEncoding = 4; lastKnownFileType = sourcecode.c.h; path = "ViewController+MASAdditions.h"; sourceTree = "<group>"; };
		F217F27923A329DF00774D09 /* MASViewConstraint.m */ = {isa = PBXFileReference; fileEncoding = 4; lastKnownFileType = sourcecode.c.objc; path = MASViewConstraint.m; sourceTree = "<group>"; };
		F217F27A23A329DF00774D09 /* MASViewAttribute.m */ = {isa = PBXFileReference; fileEncoding = 4; lastKnownFileType = sourcecode.c.objc; path = MASViewAttribute.m; sourceTree = "<group>"; };
		F217F28523A3417300774D09 /* UIView+XMHConvenient.h */ = {isa = PBXFileReference; lastKnownFileType = sourcecode.c.h; path = "UIView+XMHConvenient.h"; sourceTree = "<group>"; };
		F217F28623A3417300774D09 /* UIView+XMHConvenient.m */ = {isa = PBXFileReference; lastKnownFileType = sourcecode.c.objc; path = "UIView+XMHConvenient.m"; sourceTree = "<group>"; };
		F217F28823A4BAEE00774D09 /* XMHConvenientUIKit.h */ = {isa = PBXFileReference; lastKnownFileType = sourcecode.c.h; path = XMHConvenientUIKit.h; sourceTree = "<group>"; };
		F217F28923A4BBB100774D09 /* UIButton+XMHConvenient.h */ = {isa = PBXFileReference; lastKnownFileType = sourcecode.c.h; path = "UIButton+XMHConvenient.h"; sourceTree = "<group>"; };
		F217F28A23A4BBB100774D09 /* UIButton+XMHConvenient.m */ = {isa = PBXFileReference; lastKnownFileType = sourcecode.c.objc; path = "UIButton+XMHConvenient.m"; sourceTree = "<group>"; };
		F217F28C23A4C50D00774D09 /* UIControl+XMHConvenient.h */ = {isa = PBXFileReference; lastKnownFileType = sourcecode.c.h; path = "UIControl+XMHConvenient.h"; sourceTree = "<group>"; };
		F217F28D23A4C50D00774D09 /* UIControl+XMHConvenient.m */ = {isa = PBXFileReference; lastKnownFileType = sourcecode.c.objc; path = "UIControl+XMHConvenient.m"; sourceTree = "<group>"; };
		F217F28F23A4D02000774D09 /* UIImageView+XMHConvenient.h */ = {isa = PBXFileReference; lastKnownFileType = sourcecode.c.h; path = "UIImageView+XMHConvenient.h"; sourceTree = "<group>"; };
		F217F29023A4D02000774D09 /* UIImageView+XMHConvenient.m */ = {isa = PBXFileReference; lastKnownFileType = sourcecode.c.objc; path = "UIImageView+XMHConvenient.m"; sourceTree = "<group>"; };
		F217F29223A4D38400774D09 /* UITextField+XMHConvenient.h */ = {isa = PBXFileReference; lastKnownFileType = sourcecode.c.h; path = "UITextField+XMHConvenient.h"; sourceTree = "<group>"; };
		F217F29323A4D38400774D09 /* UITextField+XMHConvenient.m */ = {isa = PBXFileReference; lastKnownFileType = sourcecode.c.objc; path = "UITextField+XMHConvenient.m"; sourceTree = "<group>"; };
		F217F29523A4DB5000774D09 /* UITextView+XMHConvenient.h */ = {isa = PBXFileReference; lastKnownFileType = sourcecode.c.h; path = "UITextView+XMHConvenient.h"; sourceTree = "<group>"; };
		F217F29623A4DB5000774D09 /* UITextView+XMHConvenient.m */ = {isa = PBXFileReference; lastKnownFileType = sourcecode.c.objc; path = "UITextView+XMHConvenient.m"; sourceTree = "<group>"; };
		F217F29823A71B0C00774D09 /* UITableView+XMHConvenient.h */ = {isa = PBXFileReference; lastKnownFileType = sourcecode.c.h; path = "UITableView+XMHConvenient.h"; sourceTree = "<group>"; };
		F217F29923A71B0C00774D09 /* UITableView+XMHConvenient.m */ = {isa = PBXFileReference; lastKnownFileType = sourcecode.c.objc; path = "UITableView+XMHConvenient.m"; sourceTree = "<group>"; };
/* End PBXFileReference section */

/* Begin PBXFrameworksBuildPhase section */
		F217F23E23A31F8C00774D09 /* Frameworks */ = {
			isa = PBXFrameworksBuildPhase;
			buildActionMask = 2147483647;
			files = (
			);
			runOnlyForDeploymentPostprocessing = 0;
		};
/* End PBXFrameworksBuildPhase section */

/* Begin PBXGroup section */
		F217F23823A31F8C00774D09 = {
			isa = PBXGroup;
			children = (
				F217F24323A31F8C00774D09 /* XMHUIKit */,
				F217F24223A31F8C00774D09 /* Products */,
			);
			sourceTree = "<group>";
		};
		F217F24223A31F8C00774D09 /* Products */ = {
			isa = PBXGroup;
			children = (
				F217F24123A31F8C00774D09 /* XMHUIKit.app */,
			);
			name = Products;
			sourceTree = "<group>";
		};
		F217F24323A31F8C00774D09 /* XMHUIKit */ = {
			isa = PBXGroup;
			children = (
				F217F26123A329DF00774D09 /* Masonry */,
				F217F25D23A31F9900774D09 /* XMHConvenientUIKit */,
				F217F24423A31F8C00774D09 /* AppDelegate.h */,
				F217F24523A31F8C00774D09 /* AppDelegate.m */,
				F217F24723A31F8C00774D09 /* SceneDelegate.h */,
				F217F24823A31F8C00774D09 /* SceneDelegate.m */,
				F217F24A23A31F8C00774D09 /* ViewController.h */,
				F217F24B23A31F8C00774D09 /* ViewController.m */,
				F217F24D23A31F8C00774D09 /* Main.storyboard */,
				F217F25023A31F8E00774D09 /* Assets.xcassets */,
				F217F25223A31F8E00774D09 /* LaunchScreen.storyboard */,
				F217F25523A31F8E00774D09 /* Info.plist */,
				F217F25623A31F8E00774D09 /* main.m */,
			);
			path = XMHUIKit;
			sourceTree = "<group>";
		};
		F217F25D23A31F9900774D09 /* XMHConvenientUIKit */ = {
			isa = PBXGroup;
			children = (
				F217F28823A4BAEE00774D09 /* XMHConvenientUIKit.h */,
				F217F28523A3417300774D09 /* UIView+XMHConvenient.h */,
				F217F28623A3417300774D09 /* UIView+XMHConvenient.m */,
				F217F28C23A4C50D00774D09 /* UIControl+XMHConvenient.h */,
				F217F28D23A4C50D00774D09 /* UIControl+XMHConvenient.m */,
				F217F25E23A31FCE00774D09 /* UILabel+XMHConvenient.h */,
				F217F25F23A31FCE00774D09 /* UILabel+XMHConvenient.m */,
				F217F28923A4BBB100774D09 /* UIButton+XMHConvenient.h */,
				F217F28A23A4BBB100774D09 /* UIButton+XMHConvenient.m */,
				F217F28F23A4D02000774D09 /* UIImageView+XMHConvenient.h */,
				F217F29023A4D02000774D09 /* UIImageView+XMHConvenient.m */,
				F217F29223A4D38400774D09 /* UITextField+XMHConvenient.h */,
				F217F29323A4D38400774D09 /* UITextField+XMHConvenient.m */,
				F217F29523A4DB5000774D09 /* UITextView+XMHConvenient.h */,
				F217F29623A4DB5000774D09 /* UITextView+XMHConvenient.m */,
				F217F29823A71B0C00774D09 /* UITableView+XMHConvenient.h */,
				F217F29923A71B0C00774D09 /* UITableView+XMHConvenient.m */,
			);
			path = XMHConvenientUIKit;
			sourceTree = "<group>";
		};
		F217F26123A329DF00774D09 /* Masonry */ = {
			isa = PBXGroup;
			children = (
				F217F26223A329DF00774D09 /* MASCompositeConstraint.h */,
				F217F26323A329DF00774D09 /* NSLayoutConstraint+MASDebugAdditions.m */,
				F217F26423A329DF00774D09 /* MASConstraint+Private.h */,
				F217F26523A329DF00774D09 /* MASLayoutConstraint.h */,
				F217F26623A329DF00774D09 /* NSArray+MASShorthandAdditions.h */,
				F217F26723A329DF00774D09 /* MASConstraintMaker.h */,
				F217F26823A329DF00774D09 /* View+MASAdditions.h */,
				F217F26923A329DF00774D09 /* NSArray+MASAdditions.h */,
				F217F26A23A329DF00774D09 /* MASUtilities.h */,
				F217F26B23A329DF00774D09 /* MASViewAttribute.h */,
				F217F26C23A329DF00774D09 /* ViewController+MASAdditions.m */,
				F217F26D23A329DF00774D09 /* MASViewConstraint.h */,
				F217F26E23A329DF00774D09 /* MASConstraint.h */,
				F217F26F23A329DF00774D09 /* NSLayoutConstraint+MASDebugAdditions.h */,
				F217F27023A329DF00774D09 /* MASCompositeConstraint.m */,
				F217F27123A329DF00774D09 /* MASConstraintMaker.m */,
				F217F27223A329DF00774D09 /* MASLayoutConstraint.m */,
				F217F27323A329DF00774D09 /* NSArray+MASAdditions.m */,
				F217F27423A329DF00774D09 /* View+MASAdditions.m */,
				F217F27523A329DF00774D09 /* View+MASShorthandAdditions.h */,
				F217F27623A329DF00774D09 /* Masonry.h */,
				F217F27723A329DF00774D09 /* MASConstraint.m */,
				F217F27823A329DF00774D09 /* ViewController+MASAdditions.h */,
				F217F27923A329DF00774D09 /* MASViewConstraint.m */,
				F217F27A23A329DF00774D09 /* MASViewAttribute.m */,
			);
			path = Masonry;
			sourceTree = "<group>";
		};
/* End PBXGroup section */

/* Begin PBXNativeTarget section */
		F217F24023A31F8C00774D09 /* XMHUIKit */ = {
			isa = PBXNativeTarget;
			buildConfigurationList = F217F25A23A31F8E00774D09 /* Build configuration list for PBXNativeTarget "XMHUIKit" */;
			buildPhases = (
				F217F23D23A31F8C00774D09 /* Sources */,
				F217F23E23A31F8C00774D09 /* Frameworks */,
				F217F23F23A31F8C00774D09 /* Resources */,
			);
			buildRules = (
			);
			dependencies = (
			);
			name = XMHUIKit;
			productName = XMHUIKit;
			productReference = F217F24123A31F8C00774D09 /* XMHUIKit.app */;
			productType = "com.apple.product-type.application";
		};
/* End PBXNativeTarget section */

/* Begin PBXProject section */
		F217F23923A31F8C00774D09 /* Project object */ = {
			isa = PBXProject;
			attributes = {
				LastUpgradeCheck = 1120;
				ORGANIZATIONNAME = "神灯智能";
				TargetAttributes = {
					F217F24023A31F8C00774D09 = {
						CreatedOnToolsVersion = 11.2.1;
					};
				};
			};
			buildConfigurationList = F217F23C23A31F8C00774D09 /* Build configuration list for PBXProject "XMHUIKit" */;
			compatibilityVersion = "Xcode 9.3";
			developmentRegion = en;
			hasScannedForEncodings = 0;
			knownRegions = (
				en,
				Base,
			);
			mainGroup = F217F23823A31F8C00774D09;
			productRefGroup = F217F24223A31F8C00774D09 /* Products */;
			projectDirPath = "";
			projectRoot = "";
			targets = (
				F217F24023A31F8C00774D09 /* XMHUIKit */,
			);
		};
/* End PBXProject section */

/* Begin PBXResourcesBuildPhase section */
		F217F23F23A31F8C00774D09 /* Resources */ = {
			isa = PBXResourcesBuildPhase;
			buildActionMask = 2147483647;
			files = (
				F217F25423A31F8E00774D09 /* LaunchScreen.storyboard in Resources */,
				F217F25123A31F8E00774D09 /* Assets.xcassets in Resources */,
				F217F24F23A31F8C00774D09 /* Main.storyboard in Resources */,
			);
			runOnlyForDeploymentPostprocessing = 0;
		};
/* End PBXResourcesBuildPhase section */

/* Begin PBXSourcesBuildPhase section */
		F217F23D23A31F8C00774D09 /* Sources */ = {
			isa = PBXSourcesBuildPhase;
			buildActionMask = 2147483647;
			files = (
				F217F24C23A31F8C00774D09 /* ViewController.m in Sources */,
				F217F24623A31F8C00774D09 /* AppDelegate.m in Sources */,
				F217F29723A4DB5000774D09 /* UITextView+XMHConvenient.m in Sources */,
				F217F28E23A4C50D00774D09 /* UIControl+XMHConvenient.m in Sources */,
				F217F27F23A329DF00774D09 /* MASLayoutConstraint.m in Sources */,
				F217F25723A31F8E00774D09 /* main.m in Sources */,
				F217F26023A31FCE00774D09 /* UILabel+XMHConvenient.m in Sources */,
				F217F28423A329DF00774D09 /* MASViewAttribute.m in Sources */,
				F217F28023A329DF00774D09 /* NSArray+MASAdditions.m in Sources */,
				F217F27D23A329DF00774D09 /* MASCompositeConstraint.m in Sources */,
				F217F27E23A329DF00774D09 /* MASConstraintMaker.m in Sources */,
				F217F28123A329DF00774D09 /* View+MASAdditions.m in Sources */,
				F217F27C23A329DF00774D09 /* ViewController+MASAdditions.m in Sources */,
				F217F28723A3417300774D09 /* UIView+XMHConvenient.m in Sources */,
				F217F28B23A4BBB100774D09 /* UIButton+XMHConvenient.m in Sources */,
				F217F24923A31F8C00774D09 /* SceneDelegate.m in Sources */,
				F217F29A23A71B0C00774D09 /* UITableView+XMHConvenient.m in Sources */,
				F217F28323A329DF00774D09 /* MASViewConstraint.m in Sources */,
				F217F27B23A329DF00774D09 /* NSLayoutConstraint+MASDebugAdditions.m in Sources */,
				F217F28223A329DF00774D09 /* MASConstraint.m in Sources */,
				F217F29423A4D38400774D09 /* UITextField+XMHConvenient.m in Sources */,
				F217F29123A4D02000774D09 /* UIImageView+XMHConvenient.m in Sources */,
			);
			runOnlyForDeploymentPostprocessing = 0;
		};
/* End PBXSourcesBuildPhase section */

/* Begin PBXVariantGroup section */
		F217F24D23A31F8C00774D09 /* Main.storyboard */ = {
			isa = PBXVariantGroup;
			children = (
				F217F24E23A31F8C00774D09 /* Base */,
			);
			name = Main.storyboard;
			sourceTree = "<group>";
		};
		F217F25223A31F8E00774D09 /* LaunchScreen.storyboard */ = {
			isa = PBXVariantGroup;
			children = (
				F217F25323A31F8E00774D09 /* Base */,
			);
			name = LaunchScreen.storyboard;
			sourceTree = "<group>";
		};
/* End PBXVariantGroup section */

/* Begin XCBuildConfiguration section */
		F217F25823A31F8E00774D09 /* Debug */ = {
			isa = XCBuildConfiguration;
			buildSettings = {
				ALWAYS_SEARCH_USER_PATHS = NO;
				CLANG_ANALYZER_NONNULL = YES;
				CLANG_ANALYZER_NUMBER_OBJECT_CONVERSION = YES_AGGRESSIVE;
				CLANG_CXX_LANGUAGE_STANDARD = "gnu++14";
				CLANG_CXX_LIBRARY = "libc++";
				CLANG_ENABLE_MODULES = YES;
				CLANG_ENABLE_OBJC_ARC = YES;
				CLANG_ENABLE_OBJC_WEAK = YES;
				CLANG_WARN_BLOCK_CAPTURE_AUTORELEASING = YES;
				CLANG_WARN_BOOL_CONVERSION = YES;
				CLANG_WARN_COMMA = YES;
				CLANG_WARN_CONSTANT_CONVERSION = YES;
				CLANG_WARN_DEPRECATED_OBJC_IMPLEMENTATIONS = YES;
				CLANG_WARN_DIRECT_OBJC_ISA_USAGE = YES_ERROR;
				CLANG_WARN_DOCUMENTATION_COMMENTS = YES;
				CLANG_WARN_EMPTY_BODY = YES;
				CLANG_WARN_ENUM_CONVERSION = YES;
				CLANG_WARN_INFINITE_RECURSION = YES;
				CLANG_WARN_INT_CONVERSION = YES;
				CLANG_WARN_NON_LITERAL_NULL_CONVERSION = YES;
				CLANG_WARN_OBJC_IMPLICIT_RETAIN_SELF = YES;
				CLANG_WARN_OBJC_LITERAL_CONVERSION = YES;
				CLANG_WARN_OBJC_ROOT_CLASS = YES_ERROR;
				CLANG_WARN_RANGE_LOOP_ANALYSIS = YES;
				CLANG_WARN_STRICT_PROTOTYPES = YES;
				CLANG_WARN_SUSPICIOUS_MOVE = YES;
				CLANG_WARN_UNGUARDED_AVAILABILITY = YES_AGGRESSIVE;
				CLANG_WARN_UNREACHABLE_CODE = YES;
				CLANG_WARN__DUPLICATE_METHOD_MATCH = YES;
				COPY_PHASE_STRIP = NO;
				DEBUG_INFORMATION_FORMAT = dwarf;
				ENABLE_STRICT_OBJC_MSGSEND = YES;
				ENABLE_TESTABILITY = YES;
				GCC_C_LANGUAGE_STANDARD = gnu11;
				GCC_DYNAMIC_NO_PIC = NO;
				GCC_NO_COMMON_BLOCKS = YES;
				GCC_OPTIMIZATION_LEVEL = 0;
				GCC_PREPROCESSOR_DEFINITIONS = (
					"DEBUG=1",
					"$(inherited)",
				);
				GCC_WARN_64_TO_32_BIT_CONVERSION = YES;
				GCC_WARN_ABOUT_RETURN_TYPE = YES_ERROR;
				GCC_WARN_UNDECLARED_SELECTOR = YES;
				GCC_WARN_UNINITIALIZED_AUTOS = YES_AGGRESSIVE;
				GCC_WARN_UNUSED_FUNCTION = YES;
				GCC_WARN_UNUSED_VARIABLE = YES;
				IPHONEOS_DEPLOYMENT_TARGET = 13.2;
				MTL_ENABLE_DEBUG_INFO = INCLUDE_SOURCE;
				MTL_FAST_MATH = YES;
				ONLY_ACTIVE_ARCH = YES;
				SDKROOT = iphoneos;
			};
			name = Debug;
		};
		F217F25923A31F8E00774D09 /* Release */ = {
			isa = XCBuildConfiguration;
			buildSettings = {
				ALWAYS_SEARCH_USER_PATHS = NO;
				CLANG_ANALYZER_NONNULL = YES;
				CLANG_ANALYZER_NUMBER_OBJECT_CONVERSION = YES_AGGRESSIVE;
				CLANG_CXX_LANGUAGE_STANDARD = "gnu++14";
				CLANG_CXX_LIBRARY = "libc++";
				CLANG_ENABLE_MODULES = YES;
				CLANG_ENABLE_OBJC_ARC = YES;
				CLANG_ENABLE_OBJC_WEAK = YES;
				CLANG_WARN_BLOCK_CAPTURE_AUTORELEASING = YES;
				CLANG_WARN_BOOL_CONVERSION = YES;
				CLANG_WARN_COMMA = YES;
				CLANG_WARN_CONSTANT_CONVERSION = YES;
				CLANG_WARN_DEPRECATED_OBJC_IMPLEMENTATIONS = YES;
				CLANG_WARN_DIRECT_OBJC_ISA_USAGE = YES_ERROR;
				CLANG_WARN_DOCUMENTATION_COMMENTS = YES;
				CLANG_WARN_EMPTY_BODY = YES;
				CLANG_WARN_ENUM_CONVERSION = YES;
				CLANG_WARN_INFINITE_RECURSION = YES;
				CLANG_WARN_INT_CONVERSION = YES;
				CLANG_WARN_NON_LITERAL_NULL_CONVERSION = YES;
				CLANG_WARN_OBJC_IMPLICIT_RETAIN_SELF = YES;
				CLANG_WARN_OBJC_LITERAL_CONVERSION = YES;
				CLANG_WARN_OBJC_ROOT_CLASS = YES_ERROR;
				CLANG_WARN_RANGE_LOOP_ANALYSIS = YES;
				CLANG_WARN_STRICT_PROTOTYPES = YES;
				CLANG_WARN_SUSPICIOUS_MOVE = YES;
				CLANG_WARN_UNGUARDED_AVAILABILITY = YES_AGGRESSIVE;
				CLANG_WARN_UNREACHABLE_CODE = YES;
				CLANG_WARN__DUPLICATE_METHOD_MATCH = YES;
				COPY_PHASE_STRIP = NO;
				DEBUG_INFORMATION_FORMAT = "dwarf-with-dsym";
				ENABLE_NS_ASSERTIONS = NO;
				ENABLE_STRICT_OBJC_MSGSEND = YES;
				GCC_C_LANGUAGE_STANDARD = gnu11;
				GCC_NO_COMMON_BLOCKS = YES;
				GCC_WARN_64_TO_32_BIT_CONVERSION = YES;
				GCC_WARN_ABOUT_RETURN_TYPE = YES_ERROR;
				GCC_WARN_UNDECLARED_SELECTOR = YES;
				GCC_WARN_UNINITIALIZED_AUTOS = YES_AGGRESSIVE;
				GCC_WARN_UNUSED_FUNCTION = YES;
				GCC_WARN_UNUSED_VARIABLE = YES;
				IPHONEOS_DEPLOYMENT_TARGET = 13.2;
				MTL_ENABLE_DEBUG_INFO = NO;
				MTL_FAST_MATH = YES;
				SDKROOT = iphoneos;
				VALIDATE_PRODUCT = YES;
			};
			name = Release;
		};
		F217F25B23A31F8E00774D09 /* Debug */ = {
			isa = XCBuildConfiguration;
			buildSettings = {
				ASSETCATALOG_COMPILER_APPICON_NAME = AppIcon;
				CODE_SIGN_STYLE = Automatic;
				DEVELOPMENT_TEAM = 346QFZZACH;
				INFOPLIST_FILE = XMHUIKit/Info.plist;
				LD_RUNPATH_SEARCH_PATHS = (
					"$(inherited)",
					"@executable_path/Frameworks",
				);
				PRODUCT_BUNDLE_IDENTIFIER = com.shendeng.zhineng.XMHUIKit;
				PRODUCT_NAME = "$(TARGET_NAME)";
				TARGETED_DEVICE_FAMILY = "1,2";
			};
			name = Debug;
		};
		F217F25C23A31F8E00774D09 /* Release */ = {
			isa = XCBuildConfiguration;
			buildSettings = {
				ASSETCATALOG_COMPILER_APPICON_NAME = AppIcon;
				CODE_SIGN_STYLE = Automatic;
				DEVELOPMENT_TEAM = 346QFZZACH;
				INFOPLIST_FILE = XMHUIKit/Info.plist;
				LD_RUNPATH_SEARCH_PATHS = (
					"$(inherited)",
					"@executable_path/Frameworks",
				);
				PRODUCT_BUNDLE_IDENTIFIER = com.shendeng.zhineng.XMHUIKit;
				PRODUCT_NAME = "$(TARGET_NAME)";
				TARGETED_DEVICE_FAMILY = "1,2";
			};
			name = Release;
		};
/* End XCBuildConfiguration section */

/* Begin XCConfigurationList section */
		F217F23C23A31F8C00774D09 /* Build configuration list for PBXProject "XMHUIKit" */ = {
			isa = XCConfigurationList;
			buildConfigurations = (
				F217F25823A31F8E00774D09 /* Debug */,
				F217F25923A31F8E00774D09 /* Release */,
			);
			defaultConfigurationIsVisible = 0;
			defaultConfigurationName = Release;
		};
		F217F25A23A31F8E00774D09 /* Build configuration list for PBXNativeTarget "XMHUIKit" */ = {
			isa = XCConfigurationList;
			buildConfigurations = (
				F217F25B23A31F8E00774D09 /* Debug */,
				F217F25C23A31F8E00774D09 /* Release */,
			);
			defaultConfigurationIsVisible = 0;
			defaultConfigurationName = Release;
		};
/* End XCConfigurationList section */
	};
	rootObject = F217F23923A31F8C00774D09 /* Project object */;
}
