// !$*UTF8*$!
{
	archiveVersion = 1;
	classes = {
	};
	objectVersion = 50;
	objects = {

/* Begin PBXBuildFile section */
		F28533D622C20FF000C2430C /* AppDelegate.m in Sources */ = {isa = PBXBuildFile; fileRef = F28533D522C20FF000C2430C /* AppDelegate.m */; };
		F28533D922C20FF000C2430C /* ViewController.m in Sources */ = {isa = PBXBuildFile; fileRef = F28533D822C20FF000C2430C /* ViewController.m */; };
		F28533DC22C20FF000C2430C /* Main.storyboard in Resources */ = {isa = PBXBuildFile; fileRef = F28533DA22C20FF000C2430C /* Main.storyboard */; };
		F28533DE22C20FF100C2430C /* Assets.xcassets in Resources */ = {isa = PBXBuildFile; fileRef = F28533DD22C20FF100C2430C /* Assets.xcassets */; };
		F28533E122C20FF100C2430C /* LaunchScreen.storyboard in Resources */ = {isa = PBXBuildFile; fileRef = F28533DF22C20FF100C2430C /* LaunchScreen.storyboard */; };
		F28533E422C20FF100C2430C /* main.m in Sources */ = {isa = PBXBuildFile; fileRef = F28533E322C20FF100C2430C /* main.m */; };
		F28533EC22C21E6400C2430C /* aViewController.m in Sources */ = {isa = PBXBuildFile; fileRef = F28533EB22C21E6400C2430C /* aViewController.m */; };
		F28533EF22C21F4A00C2430C /* FWView.m in Sources */ = {isa = PBXBuildFile; fileRef = F28533EE22C21F4A00C2430C /* FWView.m */; };
/* End PBXBuildFile section */

/* Begin PBXFileReference section */
		F28533D122C20FF000C2430C /* PickerViewDemo.app */ = {isa = PBXFileReference; explicitFileType = wrapper.application; includeInIndex = 0; path = PickerViewDemo.app; sourceTree = BUILT_PRODUCTS_DIR; };
		F28533D422C20FF000C2430C /* AppDelegate.h */ = {isa = PBXFileReference; lastKnownFileType = sourcecode.c.h; path = AppDelegate.h; sourceTree = "<group>"; };
		F28533D522C20FF000C2430C /* AppDelegate.m */ = {isa = PBXFileReference; lastKnownFileType = sourcecode.c.objc; path = AppDelegate.m; sourceTree = "<group>"; };
		F28533D722C20FF000C2430C /* ViewController.h */ = {isa = PBXFileReference; lastKnownFileType = sourcecode.c.h; path = ViewController.h; sourceTree = "<group>"; };
		F28533D822C20FF000C2430C /* ViewController.m */ = {isa = PBXFileReference; lastKnownFileType = sourcecode.c.objc; path = ViewController.m; sourceTree = "<group>"; };
		F28533DB22C20FF000C2430C /* Base */ = {isa = PBXFileReference; lastKnownFileType = file.storyboard; name = Base; path = Base.lproj/Main.storyboard; sourceTree = "<group>"; };
		F28533DD22C20FF100C2430C /* Assets.xcassets */ = {isa = PBXFileReference; lastKnownFileType = folder.assetcatalog; path = Assets.xcassets; sourceTree = "<group>"; };
		F28533E022C20FF100C2430C /* Base */ = {isa = PBXFileReference; lastKnownFileType = file.storyboard; name = Base; path = Base.lproj/LaunchScreen.storyboard; sourceTree = "<group>"; };
		F28533E222C20FF100C2430C /* Info.plist */ = {isa = PBXFileReference; lastKnownFileType = text.plist.xml; path = Info.plist; sourceTree = "<group>"; };
		F28533E322C20FF100C2430C /* main.m */ = {isa = PBXFileReference; lastKnownFileType = sourcecode.c.objc; path = main.m; sourceTree = "<group>"; };
		F28533EA22C21E6400C2430C /* aViewController.h */ = {isa = PBXFileReference; lastKnownFileType = sourcecode.c.h; path = aViewController.h; sourceTree = "<group>"; };
		F28533EB22C21E6400C2430C /* aViewController.m */ = {isa = PBXFileReference; lastKnownFileType = sourcecode.c.objc; path = aViewController.m; sourceTree = "<group>"; };
		F28533ED22C21F4A00C2430C /* FWView.h */ = {isa = PBXFileReference; lastKnownFileType = sourcecode.c.h; path = FWView.h; sourceTree = "<group>"; };
		F28533EE22C21F4A00C2430C /* FWView.m */ = {isa = PBXFileReference; lastKnownFileType = sourcecode.c.objc; path = FWView.m; sourceTree = "<group>"; };
/* End PBXFileReference section */

/* Begin PBXFrameworksBuildPhase section */
		F28533CE22C20FF000C2430C /* Frameworks */ = {
			isa = PBXFrameworksBuildPhase;
			buildActionMask = 2147483647;
			files = (
			);
			runOnlyForDeploymentPostprocessing = 0;
		};
/* End PBXFrameworksBuildPhase section */

/* Begin PBXGroup section */
		F28533C822C20FF000C2430C = {
			isa = PBXGroup;
			children = (
				F28533D322C20FF000C2430C /* PickerViewDemo */,
				F28533D222C20FF000C2430C /* Products */,
			);
			sourceTree = "<group>";
		};
		F28533D222C20FF000C2430C /* Products */ = {
			isa = PBXGroup;
			children = (
				F28533D122C20FF000C2430C /* PickerViewDemo.app */,
			);
			name = Products;
			sourceTree = "<group>";
		};
		F28533D322C20FF000C2430C /* PickerViewDemo */ = {
			isa = PBXGroup;
			children = (
				F28533D422C20FF000C2430C /* AppDelegate.h */,
				F28533D522C20FF000C2430C /* AppDelegate.m */,
				F28533D722C20FF000C2430C /* ViewController.h */,
				F28533D822C20FF000C2430C /* ViewController.m */,
				F28533EA22C21E6400C2430C /* aViewController.h */,
				F28533EB22C21E6400C2430C /* aViewController.m */,
				F28533ED22C21F4A00C2430C /* FWView.h */,
				F28533EE22C21F4A00C2430C /* FWView.m */,
				F28533DA22C20FF000C2430C /* Main.storyboard */,
				F28533DD22C20FF100C2430C /* Assets.xcassets */,
				F28533DF22C20FF100C2430C /* LaunchScreen.storyboard */,
				F28533E222C20FF100C2430C /* Info.plist */,
				F28533E322C20FF100C2430C /* main.m */,
			);
			path = PickerViewDemo;
			sourceTree = "<group>";
		};
/* End PBXGroup section */

/* Begin PBXNativeTarget section */
		F28533D022C20FF000C2430C /* PickerViewDemo */ = {
			isa = PBXNativeTarget;
			buildConfigurationList = F28533E722C20FF100C2430C /* Build configuration list for PBXNativeTarget "PickerViewDemo" */;
			buildPhases = (
				F28533CD22C20FF000C2430C /* Sources */,
				F28533CE22C20FF000C2430C /* Frameworks */,
				F28533CF22C20FF000C2430C /* Resources */,
			);
			buildRules = (
			);
			dependencies = (
			);
			name = PickerViewDemo;
			productName = PickerViewDemo;
			productReference = F28533D122C20FF000C2430C /* PickerViewDemo.app */;
			productType = "com.apple.product-type.application";
		};
/* End PBXNativeTarget section */

/* Begin PBXProject section */
		F28533C922C20FF000C2430C /* Project object */ = {
			isa = PBXProject;
			attributes = {
				LastUpgradeCheck = 1020;
				ORGANIZATIONNAME = kfw;
				TargetAttributes = {
					F28533D022C20FF000C2430C = {
						CreatedOnToolsVersion = 10.2.1;
					};
				};
			};
			buildConfigurationList = F28533CC22C20FF000C2430C /* Build configuration list for PBXProject "PickerViewDemo" */;
			compatibilityVersion = "Xcode 9.3";
			developmentRegion = en;
			hasScannedForEncodings = 0;
			knownRegions = (
				en,
				Base,
			);
			mainGroup = F28533C822C20FF000C2430C;
			productRefGroup = F28533D222C20FF000C2430C /* Products */;
			projectDirPath = "";
			projectRoot = "";
			targets = (
				F28533D022C20FF000C2430C /* PickerViewDemo */,
			);
		};
/* End PBXProject section */

/* Begin PBXResourcesBuildPhase section */
		F28533CF22C20FF000C2430C /* Resources */ = {
			isa = PBXResourcesBuildPhase;
			buildActionMask = 2147483647;
			files = (
				F28533E122C20FF100C2430C /* LaunchScreen.storyboard in Resources */,
				F28533DE22C20FF100C2430C /* Assets.xcassets in Resources */,
				F28533DC22C20FF000C2430C /* Main.storyboard in Resources */,
			);
			runOnlyForDeploymentPostprocessing = 0;
		};
/* End PBXResourcesBuildPhase section */

/* Begin PBXSourcesBuildPhase section */
		F28533CD22C20FF000C2430C /* Sources */ = {
			isa = PBXSourcesBuildPhase;
			buildActionMask = 2147483647;
			files = (
				F28533EC22C21E6400C2430C /* aViewController.m in Sources */,
				F28533D922C20FF000C2430C /* ViewController.m in Sources */,
				F28533E422C20FF100C2430C /* main.m in Sources */,
				F28533D622C20FF000C2430C /* AppDelegate.m in Sources */,
				F28533EF22C21F4A00C2430C /* FWView.m in Sources */,
			);
			runOnlyForDeploymentPostprocessing = 0;
		};
/* End PBXSourcesBuildPhase section */

/* Begin PBXVariantGroup section */
		F28533DA22C20FF000C2430C /* Main.storyboard */ = {
			isa = PBXVariantGroup;
			children = (
				F28533DB22C20FF000C2430C /* Base */,
			);
			name = Main.storyboard;
			sourceTree = "<group>";
		};
		F28533DF22C20FF100C2430C /* LaunchScreen.storyboard */ = {
			isa = PBXVariantGroup;
			children = (
				F28533E022C20FF100C2430C /* Base */,
			);
			name = LaunchScreen.storyboard;
			sourceTree = "<group>";
		};
/* End PBXVariantGroup section */

/* Begin XCBuildConfiguration section */
		F28533E522C20FF100C2430C /* Debug */ = {
			isa = XCBuildConfiguration;
			buildSettings = {
				ALWAYS_SEARCH_USER_PATHS = NO;
				CLANG_ANALYZER_NONNULL = YES;
				CLANG_ANALYZER_NUMBER_OBJECT_CONVERSION = YES_AGGRESSIVE;
				CLANG_CXX_LANGUAGE_STANDARD = "gnu++14";
				CLANG_CXX_LIBRARY = "libc++";
				CLANG_ENABLE_MODULES = YES;
				CLANG_ENABLE_OBJC_ARC = YES;
				CLANG_ENABLE_OBJC_WEAK = YES;
				CLANG_WARN_BLOCK_CAPTURE_AUTORELEASING = YES;
				CLANG_WARN_BOOL_CONVERSION = YES;
				CLANG_WARN_COMMA = YES;
				CLANG_WARN_CONSTANT_CONVERSION = YES;
				CLANG_WARN_DEPRECATED_OBJC_IMPLEMENTATIONS = YES;
				CLANG_WARN_DIRECT_OBJC_ISA_USAGE = YES_ERROR;
				CLANG_WARN_DOCUMENTATION_COMMENTS = YES;
				CLANG_WARN_EMPTY_BODY = YES;
				CLANG_WARN_ENUM_CONVERSION = YES;
				CLANG_WARN_INFINITE_RECURSION = YES;
				CLANG_WARN_INT_CONVERSION = YES;
				CLANG_WARN_NON_LITERAL_NULL_CONVERSION = YES;
				CLANG_WARN_OBJC_IMPLICIT_RETAIN_SELF = YES;
				CLANG_WARN_OBJC_LITERAL_CONVERSION = YES;
				CLANG_WARN_OBJC_ROOT_CLASS = YES_ERROR;
				CLANG_WARN_RANGE_LOOP_ANALYSIS = YES;
				CLANG_WARN_STRICT_PROTOTYPES = YES;
				CLANG_WARN_SUSPICIOUS_MOVE = YES;
				CLANG_WARN_UNGUARDED_AVAILABILITY = YES_AGGRESSIVE;
				CLANG_WARN_UNREACHABLE_CODE = YES;
				CLANG_WARN__DUPLICATE_METHOD_MATCH = YES;
				CODE_SIGN_IDENTITY = "iPhone Developer";
				COPY_PHASE_STRIP = NO;
				DEBUG_INFORMATION_FORMAT = dwarf;
				ENABLE_STRICT_OBJC_MSGSEND = YES;
				ENABLE_TESTABILITY = YES;
				GCC_C_LANGUAGE_STANDARD = gnu11;
				GCC_DYNAMIC_NO_PIC = NO;
				GCC_NO_COMMON_BLOCKS = YES;
				GCC_OPTIMIZATION_LEVEL = 0;
				GCC_PREPROCESSOR_DEFINITIONS = (
					"DEBUG=1",
					"$(inherited)",
				);
				GCC_WARN_64_TO_32_BIT_CONVERSION = YES;
				GCC_WARN_ABOUT_RETURN_TYPE = YES_ERROR;
				GCC_WARN_UNDECLARED_SELECTOR = YES;
				GCC_WARN_UNINITIALIZED_AUTOS = YES_AGGRESSIVE;
				GCC_WARN_UNUSED_FUNCTION = YES;
				GCC_WARN_UNUSED_VARIABLE = YES;
				IPHONEOS_DEPLOYMENT_TARGET = 12.2;
				MTL_ENABLE_DEBUG_INFO = INCLUDE_SOURCE;
				MTL_FAST_MATH = YES;
				ONLY_ACTIVE_ARCH = YES;
				SDKROOT = iphoneos;
			};
			name = Debug;
		};
		F28533E622C20FF100C2430C /* Release */ = {
			isa = XCBuildConfiguration;
			buildSettings = {
				ALWAYS_SEARCH_USER_PATHS = NO;
				CLANG_ANALYZER_NONNULL = YES;
				CLANG_ANALYZER_NUMBER_OBJECT_CONVERSION = YES_AGGRESSIVE;
				CLANG_CXX_LANGUAGE_STANDARD = "gnu++14";
				CLANG_CXX_LIBRARY = "libc++";
				CLANG_ENABLE_MODULES = YES;
				CLANG_ENABLE_OBJC_ARC = YES;
				CLANG_ENABLE_OBJC_WEAK = YES;
				CLANG_WARN_BLOCK_CAPTURE_AUTORELEASING = YES;
				CLANG_WARN_BOOL_CONVERSION = YES;
				CLANG_WARN_COMMA = YES;
				CLANG_WARN_CONSTANT_CONVERSION = YES;
				CLANG_WARN_DEPRECATED_OBJC_IMPLEMENTATIONS = YES;
				CLANG_WARN_DIRECT_OBJC_ISA_USAGE = YES_ERROR;
				CLANG_WARN_DOCUMENTATION_COMMENTS = YES;
				CLANG_WARN_EMPTY_BODY = YES;
				CLANG_WARN_ENUM_CONVERSION = YES;
				CLANG_WARN_INFINITE_RECURSION = YES;
				CLANG_WARN_INT_CONVERSION = YES;
				CLANG_WARN_NON_LITERAL_NULL_CONVERSION = YES;
				CLANG_WARN_OBJC_IMPLICIT_RETAIN_SELF = YES;
				CLANG_WARN_OBJC_LITERAL_CONVERSION = YES;
				CLANG_WARN_OBJC_ROOT_CLASS = YES_ERROR;
				CLANG_WARN_RANGE_LOOP_ANALYSIS = YES;
				CLANG_WARN_STRICT_PROTOTYPES = YES;
				CLANG_WARN_SUSPICIOUS_MOVE = YES;
				CLANG_WARN_UNGUARDED_AVAILABILITY = YES_AGGRESSIVE;
				CLANG_WARN_UNREACHABLE_CODE = YES;
				CLANG_WARN__DUPLICATE_METHOD_MATCH = YES;
				CODE_SIGN_IDENTITY = "iPhone Developer";
				COPY_PHASE_STRIP = NO;
				DEBUG_INFORMATION_FORMAT = "dwarf-with-dsym";
				ENABLE_NS_ASSERTIONS = NO;
				ENABLE_STRICT_OBJC_MSGSEND = YES;
				GCC_C_LANGUAGE_STANDARD = gnu11;
				GCC_NO_COMMON_BLOCKS = YES;
				GCC_WARN_64_TO_32_BIT_CONVERSION = YES;
				GCC_WARN_ABOUT_RETURN_TYPE = YES_ERROR;
				GCC_WARN_UNDECLARED_SELECTOR = YES;
				GCC_WARN_UNINITIALIZED_AUTOS = YES_AGGRESSIVE;
				GCC_WARN_UNUSED_FUNCTION = YES;
				GCC_WARN_UNUSED_VARIABLE = YES;
				IPHONEOS_DEPLOYMENT_TARGET = 12.2;
				MTL_ENABLE_DEBUG_INFO = NO;
				MTL_FAST_MATH = YES;
				SDKROOT = iphoneos;
				VALIDATE_PRODUCT = YES;
			};
			name = Release;
		};
		F28533E822C20FF100C2430C /* Debug */ = {
			isa = XCBuildConfiguration;
			buildSettings = {
				ASSETCATALOG_COMPILER_APPICON_NAME = AppIcon;
				CODE_SIGN_STYLE = Automatic;
				INFOPLIST_FILE = PickerViewDemo/Info.plist;
				LD_RUNPATH_SEARCH_PATHS = (
					"$(inherited)",
					"@executable_path/Frameworks",
				);
				PRODUCT_BUNDLE_IDENTIFIER = com.kfw.PickerViewDemo;
				PRODUCT_NAME = "$(TARGET_NAME)";
				TARGETED_DEVICE_FAMILY = "1,2";
			};
			name = Debug;
		};
		F28533E922C20FF100C2430C /* Release */ = {
			isa = XCBuildConfiguration;
			buildSettings = {
				ASSETCATALOG_COMPILER_APPICON_NAME = AppIcon;
				CODE_SIGN_STYLE = Automatic;
				INFOPLIST_FILE = PickerViewDemo/Info.plist;
				LD_RUNPATH_SEARCH_PATHS = (
					"$(inherited)",
					"@executable_path/Frameworks",
				);
				PRODUCT_BUNDLE_IDENTIFIER = com.kfw.PickerViewDemo;
				PRODUCT_NAME = "$(TARGET_NAME)";
				TARGETED_DEVICE_FAMILY = "1,2";
			};
			name = Release;
		};
/* End XCBuildConfiguration section */

/* Begin XCConfigurationList section */
		F28533CC22C20FF000C2430C /* Build configuration list for PBXProject "PickerViewDemo" */ = {
			isa = XCConfigurationList;
			buildConfigurations = (
				F28533E522C20FF100C2430C /* Debug */,
				F28533E622C20FF100C2430C /* Release */,
			);
			defaultConfigurationIsVisible = 0;
			defaultConfigurationName = Release;
		};
		F28533E722C20FF100C2430C /* Build configuration list for PBXNativeTarget "PickerViewDemo" */ = {
			isa = XCConfigurationList;
			buildConfigurations = (
				F28533E822C20FF100C2430C /* Debug */,
				F28533E922C20FF100C2430C /* Release */,
			);
			defaultConfigurationIsVisible = 0;
			defaultConfigurationName = Release;
		};
/* End XCConfigurationList section */
	};
	rootObject = F28533C922C20FF000C2430C /* Project object */;
}
